// !$*UTF8*$!
{
	archiveVersion = 1;
	classes = {
	};
	objectVersion = 51;
	objects = {

/* Begin PBXBuildFile section */
		12009F6E24B7850D0043D2B1 /* PreviewAttachmentViewController.swift in Sources */ = {isa = PBXBuildFile; fileRef = 12009F6D24B7850D0043D2B1 /* PreviewAttachmentViewController.swift */; };
		1204A433245C691F00CE4909 /* ProfileViewController.swift in Sources */ = {isa = PBXBuildFile; fileRef = 1204A432245C691F00CE4909 /* ProfileViewController.swift */; };
		1204A435245C692B00CE4909 /* ProjectsViewController.swift in Sources */ = {isa = PBXBuildFile; fileRef = 1204A434245C692B00CE4909 /* ProjectsViewController.swift */; };
		1204A437245C695000CE4909 /* IsshuesViewController.swift in Sources */ = {isa = PBXBuildFile; fileRef = 1204A436245C695000CE4909 /* IsshuesViewController.swift */; };
		1204A439245C695A00CE4909 /* NotificationsViewController.swift in Sources */ = {isa = PBXBuildFile; fileRef = 1204A438245C695A00CE4909 /* NotificationsViewController.swift */; };
		1204A43B245C6FFC00CE4909 /* TabBarViewController.swift in Sources */ = {isa = PBXBuildFile; fileRef = 1204A43A245C6FFC00CE4909 /* TabBarViewController.swift */; };
		12080BEA2498F31F000D02BE /* AddListButtonViewCollectionViewCell.swift in Sources */ = {isa = PBXBuildFile; fileRef = 12080BE82498F31F000D02BE /* AddListButtonViewCollectionViewCell.swift */; };
		12080BEB2498F31F000D02BE /* AddListButtonViewCollectionViewCell.xib in Resources */ = {isa = PBXBuildFile; fileRef = 12080BE92498F31F000D02BE /* AddListButtonViewCollectionViewCell.xib */; };
		12080BED2498F46C000D02BE /* BoardCollectionPresenterProtocol.swift in Sources */ = {isa = PBXBuildFile; fileRef = 12080BEC2498F46C000D02BE /* BoardCollectionPresenterProtocol.swift */; };
		12080BEF2498F58D000D02BE /* BoardCollectionControllerProtocol.swift in Sources */ = {isa = PBXBuildFile; fileRef = 12080BEE2498F58D000D02BE /* BoardCollectionControllerProtocol.swift */; };
		12080BF12498F5C5000D02BE /* BoardCollectionPresenter.swift in Sources */ = {isa = PBXBuildFile; fileRef = 12080BF02498F5C5000D02BE /* BoardCollectionPresenter.swift */; };
		120FF94224B4A6B50088F0C3 /* Attachment.swift in Sources */ = {isa = PBXBuildFile; fileRef = 120FF94124B4A6B50088F0C3 /* Attachment.swift */; };
		120FF94424B4B8610088F0C3 /* AttachmentCommonCollectionViewCell.swift in Sources */ = {isa = PBXBuildFile; fileRef = 120FF94324B4B8610088F0C3 /* AttachmentCommonCollectionViewCell.swift */; };
		120FF94624B4BAEC0088F0C3 /* AttachmentCellProtocol.swift in Sources */ = {isa = PBXBuildFile; fileRef = 120FF94524B4BAEC0088F0C3 /* AttachmentCellProtocol.swift */; };
		12141AD4246C37A8001290AF /* AppInfo.swift in Sources */ = {isa = PBXBuildFile; fileRef = 12141AD3246C37A8001290AF /* AppInfo.swift */; };
		12141AD6246C3DDF001290AF /* Notification+names.swift in Sources */ = {isa = PBXBuildFile; fileRef = 12141AD5246C3DDF001290AF /* Notification+names.swift */; };
		121A25FA247EAE33006D6BBD /* CreateOperation.swift in Sources */ = {isa = PBXBuildFile; fileRef = 121A25F9247EAE33006D6BBD /* CreateOperation.swift */; };
		121A25FE247EC662006D6BBD /* DropOperation.swift in Sources */ = {isa = PBXBuildFile; fileRef = 121A25FD247EC662006D6BBD /* DropOperation.swift */; };
		12201A44246179F4002D2E9A /* NetworkManager.swift in Sources */ = {isa = PBXBuildFile; fileRef = 12201A43246179F4002D2E9A /* NetworkManager.swift */; };
		122FB1BF24608AEE005A5346 /* ProfileViewControllerProtocol.swift in Sources */ = {isa = PBXBuildFile; fileRef = 122FB1BE24608AEE005A5346 /* ProfileViewControllerProtocol.swift */; };
		122FB1C124608B02005A5346 /* ProfilePresenterProtocol.swift in Sources */ = {isa = PBXBuildFile; fileRef = 122FB1C024608B02005A5346 /* ProfilePresenterProtocol.swift */; };
		122FB1C324608B0C005A5346 /* ProfilePresenter.swift in Sources */ = {isa = PBXBuildFile; fileRef = 122FB1C224608B0C005A5346 /* ProfilePresenter.swift */; };
		123FA5DD24488B7C0092E931 /* ASAccount.swift in Sources */ = {isa = PBXBuildFile; fileRef = 123FA5DC24488B7C0092E931 /* ASAccount.swift */; };
		123FA5DF2448945F0092E931 /* ASProjectSchema.swift in Sources */ = {isa = PBXBuildFile; fileRef = 123FA5DE2448945F0092E931 /* ASProjectSchema.swift */; };
		123FA5E12448972D0092E931 /* ASTask.swift in Sources */ = {isa = PBXBuildFile; fileRef = 123FA5E02448972D0092E931 /* ASTask.swift */; };
		123FA5E324489EC80092E931 /* ASGroupTask.swift in Sources */ = {isa = PBXBuildFile; fileRef = 123FA5E224489EC80092E931 /* ASGroupTask.swift */; };
		123FA5E524489FEE0092E931 /* ASTaskAttachment.swift in Sources */ = {isa = PBXBuildFile; fileRef = 123FA5E424489FEE0092E931 /* ASTaskAttachment.swift */; };
		123FA5E72448A4FE0092E931 /* PSGroupTask.swift in Sources */ = {isa = PBXBuildFile; fileRef = 123FA5E62448A4FE0092E931 /* PSGroupTask.swift */; };
		123FA5E92448A5930092E931 /* PSRole.swift in Sources */ = {isa = PBXBuildFile; fileRef = 123FA5E82448A5930092E931 /* PSRole.swift */; };
		123FA5EB2448A7230092E931 /* PSStep.swift in Sources */ = {isa = PBXBuildFile; fileRef = 123FA5EA2448A7230092E931 /* PSStep.swift */; };
		123FA5ED2448A83F0092E931 /* PSProjectDashBoard.swift in Sources */ = {isa = PBXBuildFile; fileRef = 123FA5EC2448A83F0092E931 /* PSProjectDashBoard.swift */; };
		123FA5EF2448A9C80092E931 /* PSTask.swift in Sources */ = {isa = PBXBuildFile; fileRef = 123FA5EE2448A9C80092E931 /* PSTask.swift */; };
		123FA5F12448B3C10092E931 /* PSProjectUser.swift in Sources */ = {isa = PBXBuildFile; fileRef = 123FA5F02448B3C10092E931 /* PSProjectUser.swift */; };
		1247E4742464316F00765287 /* UIView+anchorConstraints.swift in Sources */ = {isa = PBXBuildFile; fileRef = 1247E4732464316F00765287 /* UIView+anchorConstraints.swift */; };
		1247E476246431DC00765287 /* UIViewController+toast.swift in Sources */ = {isa = PBXBuildFile; fileRef = 1247E475246431DC00765287 /* UIViewController+toast.swift */; };
		1247E47924643D6000765287 /* ProfileView.swift in Sources */ = {isa = PBXBuildFile; fileRef = 1247E47824643D6000765287 /* ProfileView.swift */; };
		12537749246AC30D00460A48 /* Constants.swift in Sources */ = {isa = PBXBuildFile; fileRef = 12537748246AC30D00460A48 /* Constants.swift */; };
		1253774B246AE3B400460A48 /* EventMessages.swift in Sources */ = {isa = PBXBuildFile; fileRef = 1253774A246AE3B400460A48 /* EventMessages.swift */; };
		125864F02448B957002A63F7 /* PSComment.swift in Sources */ = {isa = PBXBuildFile; fileRef = 125864EF2448B957002A63F7 /* PSComment.swift */; };
		125864F22448BB05002A63F7 /* PSTaskAttachment.swift in Sources */ = {isa = PBXBuildFile; fileRef = 125864F12448BB05002A63F7 /* PSTaskAttachment.swift */; };
		125864F42448BC51002A63F7 /* PSCommit.swift in Sources */ = {isa = PBXBuildFile; fileRef = 125864F32448BC51002A63F7 /* PSCommit.swift */; };
		125ACABA246C636F00C4365C /* CustomLogFormater.swift in Sources */ = {isa = PBXBuildFile; fileRef = 125ACAB9246C636F00C4365C /* CustomLogFormater.swift */; };
		125ACABD246C6B1300C4365C /* LogWrappers.swift in Sources */ = {isa = PBXBuildFile; fileRef = 125ACABC246C6B1300C4365C /* LogWrappers.swift */; };
		125C46BE2473FB8100C09D5D /* Settings.swift in Sources */ = {isa = PBXBuildFile; fileRef = 125C46BD2473FB8100C09D5D /* Settings.swift */; };
		125C46C024740DE600C09D5D /* StringOptional+Utils.swift in Sources */ = {isa = PBXBuildFile; fileRef = 125C46BF24740DE600C09D5D /* StringOptional+Utils.swift */; };
		125C46C22474132900C09D5D /* TBTextField.swift in Sources */ = {isa = PBXBuildFile; fileRef = 125C46C12474132900C09D5D /* TBTextField.swift */; };
		1266079424AB8FC800B0CB3D /* CommentView.swift in Sources */ = {isa = PBXBuildFile; fileRef = 1266079324AB8FC800B0CB3D /* CommentView.swift */; };
		12867C2124B35AD700E03C0C /* DetailTaskPresenter.swift in Sources */ = {isa = PBXBuildFile; fileRef = 12867C2024B35AD700E03C0C /* DetailTaskPresenter.swift */; };
		128A2C17247C1BDA006480C1 /* AsyncOperation.swift in Sources */ = {isa = PBXBuildFile; fileRef = 128A2C16247C1BDA006480C1 /* AsyncOperation.swift */; };
		128A2C1A247C1C3D006480C1 /* DatabaseManager.swift in Sources */ = {isa = PBXBuildFile; fileRef = 128A2C19247C1C3D006480C1 /* DatabaseManager.swift */; };
		128A2C1C247C1C5A006480C1 /* DatabaseDriver.swift in Sources */ = {isa = PBXBuildFile; fileRef = 128A2C1B247C1C5A006480C1 /* DatabaseDriver.swift */; };
		128A2C1E247C1C7C006480C1 /* DatabaseDriverProtocol.swift in Sources */ = {isa = PBXBuildFile; fileRef = 128A2C1D247C1C7C006480C1 /* DatabaseDriverProtocol.swift */; };
		128A2C20247C1D63006480C1 /* InsertOperation.swift in Sources */ = {isa = PBXBuildFile; fileRef = 128A2C1F247C1D63006480C1 /* InsertOperation.swift */; };
		128A2C22247C1D76006480C1 /* UpdateOperation.swift in Sources */ = {isa = PBXBuildFile; fileRef = 128A2C21247C1D76006480C1 /* UpdateOperation.swift */; };
		128A2C24247C1D9A006480C1 /* SelectOperation.swift in Sources */ = {isa = PBXBuildFile; fileRef = 128A2C23247C1D9A006480C1 /* SelectOperation.swift */; };
		128A2C26247C1DBB006480C1 /* DeleteOperation.swift in Sources */ = {isa = PBXBuildFile; fileRef = 128A2C25247C1DBB006480C1 /* DeleteOperation.swift */; };
		128CF5BC24ACCA620024E866 /* Task.swift in Sources */ = {isa = PBXBuildFile; fileRef = 128CF5BB24ACCA620024E866 /* Task.swift */; };
		128CF5BE24ACDA0D0024E866 /* TestDataOrModel.swift in Sources */ = {isa = PBXBuildFile; fileRef = 128CF5BD24ACDA0D0024E866 /* TestDataOrModel.swift */; };
		128CF5C024ACE1930024E866 /* DetailTaskViewControllerProtocol.swift in Sources */ = {isa = PBXBuildFile; fileRef = 128CF5BF24ACE1930024E866 /* DetailTaskViewControllerProtocol.swift */; };
		12939A4A248571ED00483A7F /* SelfSizedTableView.swift in Sources */ = {isa = PBXBuildFile; fileRef = 12939A49248571ED00483A7F /* SelfSizedTableView.swift */; };
		1295525E247436C90059C8B1 /* LoginView.swift in Sources */ = {isa = PBXBuildFile; fileRef = 1295525D247436C90059C8B1 /* LoginView.swift */; };
		1295526024743A2E0059C8B1 /* LoginViewController.swift in Sources */ = {isa = PBXBuildFile; fileRef = 1295525F24743A2E0059C8B1 /* LoginViewController.swift */; };
		129918B4247572C1007D2E67 /* LoginPresenter.swift in Sources */ = {isa = PBXBuildFile; fileRef = 129918B3247572C1007D2E67 /* LoginPresenter.swift */; };
		129918B6247572DA007D2E67 /* LoginPresenterProtocol.swift in Sources */ = {isa = PBXBuildFile; fileRef = 129918B5247572DA007D2E67 /* LoginPresenterProtocol.swift */; };
		129918B824757342007D2E67 /* LoginViewControllerProtocol.swift in Sources */ = {isa = PBXBuildFile; fileRef = 129918B724757342007D2E67 /* LoginViewControllerProtocol.swift */; };
		129B90EF24A4E68A00A379DF /* DetailTaskViewController.swift in Sources */ = {isa = PBXBuildFile; fileRef = 129B90EE24A4E68A00A379DF /* DetailTaskViewController.swift */; };
		129B90F124A4E6DF00A379DF /* TaskDetailView.swift in Sources */ = {isa = PBXBuildFile; fileRef = 129B90F024A4E6DF00A379DF /* TaskDetailView.swift */; };
		129EE64E2475B90400763FB8 /* RegistrationView.swift in Sources */ = {isa = PBXBuildFile; fileRef = 129EE64D2475B90400763FB8 /* RegistrationView.swift */; };
		129EE6502475BACD00763FB8 /* RegistrationViewController.swift in Sources */ = {isa = PBXBuildFile; fileRef = 129EE64F2475BACD00763FB8 /* RegistrationViewController.swift */; };
		129EE6522475BEA700763FB8 /* RegistrationViewControllerProtocol.swift in Sources */ = {isa = PBXBuildFile; fileRef = 129EE6512475BEA700763FB8 /* RegistrationViewControllerProtocol.swift */; };
		129EE6542475BEBC00763FB8 /* RegistrationPresenterProtocol.swift in Sources */ = {isa = PBXBuildFile; fileRef = 129EE6532475BEBC00763FB8 /* RegistrationPresenterProtocol.swift */; };
		129EE6562475BECA00763FB8 /* RegistrationPresenter.swift in Sources */ = {isa = PBXBuildFile; fileRef = 129EE6552475BECA00763FB8 /* RegistrationPresenter.swift */; };
		129F13B724781F9A0038FBAD /* ViewControllerProtocol.swift in Sources */ = {isa = PBXBuildFile; fileRef = 129F13B624781F9A0038FBAD /* ViewControllerProtocol.swift */; };
		12A0C1C5248689C600575FA9 /* BoardContainerTableViewCell.swift in Sources */ = {isa = PBXBuildFile; fileRef = 12A0C1C3248689C600575FA9 /* BoardContainerTableViewCell.swift */; };
		12A0C1C6248689C600575FA9 /* BoardContainerTableViewCell.xib in Resources */ = {isa = PBXBuildFile; fileRef = 12A0C1C4248689C600575FA9 /* BoardContainerTableViewCell.xib */; };
		12A0C1C82486936400575FA9 /* CardView.swift in Sources */ = {isa = PBXBuildFile; fileRef = 12A0C1C72486936400575FA9 /* CardView.swift */; };
		12BEB3B024B35DD70003F38E /* DetailTaskPresenterProtocol.swift in Sources */ = {isa = PBXBuildFile; fileRef = 12BEB3AF24B35DD70003F38E /* DetailTaskPresenterProtocol.swift */; };
		12BF660724813C0E001C889D /* ModelProtocol.swift in Sources */ = {isa = PBXBuildFile; fileRef = 12BF660624813C0E001C889D /* ModelProtocol.swift */; };
		12BF6609248168B7001C889D /* SQLScripts.swift in Sources */ = {isa = PBXBuildFile; fileRef = 12BF6608248168B7001C889D /* SQLScripts.swift */; };
		12C5320624A64C2B00A57B4A /* CommentTextFieldView.swift in Sources */ = {isa = PBXBuildFile; fileRef = 12C5320524A64C2B00A57B4A /* CommentTextFieldView.swift */; };
		12C6329024AE418B009974F6 /* AttachmentView.swift in Sources */ = {isa = PBXBuildFile; fileRef = 12C6328F24AE418B009974F6 /* AttachmentView.swift */; };
		12C6329324AE544D009974F6 /* AttachmentAddCollectionViewCell.swift in Sources */ = {isa = PBXBuildFile; fileRef = 12C6329124AE544D009974F6 /* AttachmentAddCollectionViewCell.swift */; };
		12C6329424AE544D009974F6 /* AttachmentAddCollectionViewCell.xib in Resources */ = {isa = PBXBuildFile; fileRef = 12C6329224AE544D009974F6 /* AttachmentAddCollectionViewCell.xib */; };
		12C75EE724892E950049ECB7 /* Board.swift in Sources */ = {isa = PBXBuildFile; fileRef = 12C75EE624892E950049ECB7 /* Board.swift */; };
		12C75EE924892F590049ECB7 /* BoardCollectionViewCell.swift in Sources */ = {isa = PBXBuildFile; fileRef = 12C75EE824892F590049ECB7 /* BoardCollectionViewCell.swift */; };
		12C75EEC248942450049ECB7 /* BoardCollectionViewController.swift in Sources */ = {isa = PBXBuildFile; fileRef = 12C75EEA248942450049ECB7 /* BoardCollectionViewController.swift */; };
		12C75EEF248943530049ECB7 /* Board.storyboard in Resources */ = {isa = PBXBuildFile; fileRef = 12C75EEE248943530049ECB7 /* Board.storyboard */; };
		12C9D384246314F70063B639 /* Observable.swift in Sources */ = {isa = PBXBuildFile; fileRef = 12C9D383246314F70063B639 /* Observable.swift */; };
		12CC7C452448828F00ECE62A /* AppDelegate.swift in Sources */ = {isa = PBXBuildFile; fileRef = 12CC7C442448828F00ECE62A /* AppDelegate.swift */; };
		12CC7C492448828F00ECE62A /* TestViewController.swift in Sources */ = {isa = PBXBuildFile; fileRef = 12CC7C482448828F00ECE62A /* TestViewController.swift */; };
		12CC7C4C2448828F00ECE62A /* Main.storyboard in Resources */ = {isa = PBXBuildFile; fileRef = 12CC7C4A2448828F00ECE62A /* Main.storyboard */; };
		12CC7C4E2448829100ECE62A /* Assets.xcassets in Resources */ = {isa = PBXBuildFile; fileRef = 12CC7C4D2448829100ECE62A /* Assets.xcassets */; };
		12CC7C512448829100ECE62A /* LaunchScreen.storyboard in Resources */ = {isa = PBXBuildFile; fileRef = 12CC7C4F2448829100ECE62A /* LaunchScreen.storyboard */; };
		12D161FB2476DA960027B058 /* IValidatable.swift in Sources */ = {isa = PBXBuildFile; fileRef = 12D161FA2476DA960027B058 /* IValidatable.swift */; };
		12D161FD2476DBC60027B058 /* IValidationManager.swift in Sources */ = {isa = PBXBuildFile; fileRef = 12D161FC2476DBC60027B058 /* IValidationManager.swift */; };
		12D161FF2476DE510027B058 /* TBValidationManager.swift in Sources */ = {isa = PBXBuildFile; fileRef = 12D161FE2476DE510027B058 /* TBValidationManager.swift */; };
		12D162012476E6CF0027B058 /* IValidateManagerDelegate.swift in Sources */ = {isa = PBXBuildFile; fileRef = 12D162002476E6CF0027B058 /* IValidateManagerDelegate.swift */; };
		12E1F6C024BCA98000D38F1D /* ImageScrollView.swift in Sources */ = {isa = PBXBuildFile; fileRef = 12E1F6BF24BCA98000D38F1D /* ImageScrollView.swift */; };
		12E1F6C224BCA9CA00D38F1D /* ImagePreviewCollectionViewCell.swift in Sources */ = {isa = PBXBuildFile; fileRef = 12E1F6C124BCA9CA00D38F1D /* ImagePreviewCollectionViewCell.swift */; };
		8E32898AA1E1943715556728 /* Pods_time_board.framework in Frameworks */ = {isa = PBXBuildFile; fileRef = AB27A6ED6E717ABBDB1DB747 /* Pods_time_board.framework */; };
/* End PBXBuildFile section */

/* Begin PBXFileReference section */
		12009F6D24B7850D0043D2B1 /* PreviewAttachmentViewController.swift */ = {isa = PBXFileReference; lastKnownFileType = sourcecode.swift; path = PreviewAttachmentViewController.swift; sourceTree = "<group>"; };
		1204A432245C691F00CE4909 /* ProfileViewController.swift */ = {isa = PBXFileReference; lastKnownFileType = sourcecode.swift; path = ProfileViewController.swift; sourceTree = "<group>"; };
		1204A434245C692B00CE4909 /* ProjectsViewController.swift */ = {isa = PBXFileReference; lastKnownFileType = sourcecode.swift; path = ProjectsViewController.swift; sourceTree = "<group>"; };
		1204A436245C695000CE4909 /* IsshuesViewController.swift */ = {isa = PBXFileReference; lastKnownFileType = sourcecode.swift; path = IsshuesViewController.swift; sourceTree = "<group>"; };
		1204A438245C695A00CE4909 /* NotificationsViewController.swift */ = {isa = PBXFileReference; lastKnownFileType = sourcecode.swift; path = NotificationsViewController.swift; sourceTree = "<group>"; };
		1204A43A245C6FFC00CE4909 /* TabBarViewController.swift */ = {isa = PBXFileReference; lastKnownFileType = sourcecode.swift; path = TabBarViewController.swift; sourceTree = "<group>"; };
		12080BE82498F31F000D02BE /* AddListButtonViewCollectionViewCell.swift */ = {isa = PBXFileReference; lastKnownFileType = sourcecode.swift; path = AddListButtonViewCollectionViewCell.swift; sourceTree = "<group>"; };
		12080BE92498F31F000D02BE /* AddListButtonViewCollectionViewCell.xib */ = {isa = PBXFileReference; lastKnownFileType = file.xib; path = AddListButtonViewCollectionViewCell.xib; sourceTree = "<group>"; };
		12080BEC2498F46C000D02BE /* BoardCollectionPresenterProtocol.swift */ = {isa = PBXFileReference; lastKnownFileType = sourcecode.swift; path = BoardCollectionPresenterProtocol.swift; sourceTree = "<group>"; };
		12080BEE2498F58D000D02BE /* BoardCollectionControllerProtocol.swift */ = {isa = PBXFileReference; lastKnownFileType = sourcecode.swift; path = BoardCollectionControllerProtocol.swift; sourceTree = "<group>"; };
		12080BF02498F5C5000D02BE /* BoardCollectionPresenter.swift */ = {isa = PBXFileReference; lastKnownFileType = sourcecode.swift; path = BoardCollectionPresenter.swift; sourceTree = "<group>"; };
		120FF94124B4A6B50088F0C3 /* Attachment.swift */ = {isa = PBXFileReference; lastKnownFileType = sourcecode.swift; path = Attachment.swift; sourceTree = "<group>"; };
		120FF94324B4B8610088F0C3 /* AttachmentCommonCollectionViewCell.swift */ = {isa = PBXFileReference; lastKnownFileType = sourcecode.swift; path = AttachmentCommonCollectionViewCell.swift; sourceTree = "<group>"; };
		120FF94524B4BAEC0088F0C3 /* AttachmentCellProtocol.swift */ = {isa = PBXFileReference; lastKnownFileType = sourcecode.swift; path = AttachmentCellProtocol.swift; sourceTree = "<group>"; };
		12141AD3246C37A8001290AF /* AppInfo.swift */ = {isa = PBXFileReference; lastKnownFileType = sourcecode.swift; path = AppInfo.swift; sourceTree = "<group>"; };
		12141AD5246C3DDF001290AF /* Notification+names.swift */ = {isa = PBXFileReference; lastKnownFileType = sourcecode.swift; path = "Notification+names.swift"; sourceTree = "<group>"; };
		121A25F9247EAE33006D6BBD /* CreateOperation.swift */ = {isa = PBXFileReference; lastKnownFileType = sourcecode.swift; path = CreateOperation.swift; sourceTree = "<group>"; };
		121A25FD247EC662006D6BBD /* DropOperation.swift */ = {isa = PBXFileReference; lastKnownFileType = sourcecode.swift; path = DropOperation.swift; sourceTree = "<group>"; };
		12201A43246179F4002D2E9A /* NetworkManager.swift */ = {isa = PBXFileReference; lastKnownFileType = sourcecode.swift; path = NetworkManager.swift; sourceTree = "<group>"; };
		122FB1BE24608AEE005A5346 /* ProfileViewControllerProtocol.swift */ = {isa = PBXFileReference; lastKnownFileType = sourcecode.swift; path = ProfileViewControllerProtocol.swift; sourceTree = "<group>"; };
		122FB1C024608B02005A5346 /* ProfilePresenterProtocol.swift */ = {isa = PBXFileReference; lastKnownFileType = sourcecode.swift; path = ProfilePresenterProtocol.swift; sourceTree = "<group>"; };
		122FB1C224608B0C005A5346 /* ProfilePresenter.swift */ = {isa = PBXFileReference; lastKnownFileType = sourcecode.swift; path = ProfilePresenter.swift; sourceTree = "<group>"; };
		123FA5DC24488B7C0092E931 /* ASAccount.swift */ = {isa = PBXFileReference; lastKnownFileType = sourcecode.swift; path = ASAccount.swift; sourceTree = "<group>"; };
		123FA5DE2448945F0092E931 /* ASProjectSchema.swift */ = {isa = PBXFileReference; lastKnownFileType = sourcecode.swift; path = ASProjectSchema.swift; sourceTree = "<group>"; };
		123FA5E02448972D0092E931 /* ASTask.swift */ = {isa = PBXFileReference; lastKnownFileType = sourcecode.swift; path = ASTask.swift; sourceTree = "<group>"; };
		123FA5E224489EC80092E931 /* ASGroupTask.swift */ = {isa = PBXFileReference; lastKnownFileType = sourcecode.swift; path = ASGroupTask.swift; sourceTree = "<group>"; };
		123FA5E424489FEE0092E931 /* ASTaskAttachment.swift */ = {isa = PBXFileReference; lastKnownFileType = sourcecode.swift; path = ASTaskAttachment.swift; sourceTree = "<group>"; };
		123FA5E62448A4FE0092E931 /* PSGroupTask.swift */ = {isa = PBXFileReference; lastKnownFileType = sourcecode.swift; path = PSGroupTask.swift; sourceTree = "<group>"; };
		123FA5E82448A5930092E931 /* PSRole.swift */ = {isa = PBXFileReference; lastKnownFileType = sourcecode.swift; path = PSRole.swift; sourceTree = "<group>"; };
		123FA5EA2448A7230092E931 /* PSStep.swift */ = {isa = PBXFileReference; lastKnownFileType = sourcecode.swift; path = PSStep.swift; sourceTree = "<group>"; };
		123FA5EC2448A83F0092E931 /* PSProjectDashBoard.swift */ = {isa = PBXFileReference; lastKnownFileType = sourcecode.swift; path = PSProjectDashBoard.swift; sourceTree = "<group>"; };
		123FA5EE2448A9C80092E931 /* PSTask.swift */ = {isa = PBXFileReference; lastKnownFileType = sourcecode.swift; path = PSTask.swift; sourceTree = "<group>"; };
		123FA5F02448B3C10092E931 /* PSProjectUser.swift */ = {isa = PBXFileReference; lastKnownFileType = sourcecode.swift; path = PSProjectUser.swift; sourceTree = "<group>"; };
		1247E4732464316F00765287 /* UIView+anchorConstraints.swift */ = {isa = PBXFileReference; lastKnownFileType = sourcecode.swift; path = "UIView+anchorConstraints.swift"; sourceTree = "<group>"; };
		1247E475246431DC00765287 /* UIViewController+toast.swift */ = {isa = PBXFileReference; lastKnownFileType = sourcecode.swift; path = "UIViewController+toast.swift"; sourceTree = "<group>"; };
		1247E47824643D6000765287 /* ProfileView.swift */ = {isa = PBXFileReference; lastKnownFileType = sourcecode.swift; path = ProfileView.swift; sourceTree = "<group>"; };
		12537748246AC30D00460A48 /* Constants.swift */ = {isa = PBXFileReference; lastKnownFileType = sourcecode.swift; path = Constants.swift; sourceTree = "<group>"; };
		1253774A246AE3B400460A48 /* EventMessages.swift */ = {isa = PBXFileReference; lastKnownFileType = sourcecode.swift; path = EventMessages.swift; sourceTree = "<group>"; };
		125864EF2448B957002A63F7 /* PSComment.swift */ = {isa = PBXFileReference; lastKnownFileType = sourcecode.swift; path = PSComment.swift; sourceTree = "<group>"; };
		125864F12448BB05002A63F7 /* PSTaskAttachment.swift */ = {isa = PBXFileReference; lastKnownFileType = sourcecode.swift; path = PSTaskAttachment.swift; sourceTree = "<group>"; };
		125864F32448BC51002A63F7 /* PSCommit.swift */ = {isa = PBXFileReference; lastKnownFileType = sourcecode.swift; path = PSCommit.swift; sourceTree = "<group>"; };
		125ACAB9246C636F00C4365C /* CustomLogFormater.swift */ = {isa = PBXFileReference; lastKnownFileType = sourcecode.swift; path = CustomLogFormater.swift; sourceTree = "<group>"; };
		125ACABC246C6B1300C4365C /* LogWrappers.swift */ = {isa = PBXFileReference; lastKnownFileType = sourcecode.swift; path = LogWrappers.swift; sourceTree = "<group>"; };
		125C46BD2473FB8100C09D5D /* Settings.swift */ = {isa = PBXFileReference; lastKnownFileType = sourcecode.swift; path = Settings.swift; sourceTree = "<group>"; };
		125C46BF24740DE600C09D5D /* StringOptional+Utils.swift */ = {isa = PBXFileReference; lastKnownFileType = sourcecode.swift; path = "StringOptional+Utils.swift"; sourceTree = "<group>"; };
		125C46C12474132900C09D5D /* TBTextField.swift */ = {isa = PBXFileReference; lastKnownFileType = sourcecode.swift; path = TBTextField.swift; sourceTree = "<group>"; };
		1266079324AB8FC800B0CB3D /* CommentView.swift */ = {isa = PBXFileReference; lastKnownFileType = sourcecode.swift; path = CommentView.swift; sourceTree = "<group>"; };
		12867C2024B35AD700E03C0C /* DetailTaskPresenter.swift */ = {isa = PBXFileReference; lastKnownFileType = sourcecode.swift; path = DetailTaskPresenter.swift; sourceTree = "<group>"; };
		128A2C16247C1BDA006480C1 /* AsyncOperation.swift */ = {isa = PBXFileReference; lastKnownFileType = sourcecode.swift; path = AsyncOperation.swift; sourceTree = "<group>"; };
		128A2C19247C1C3D006480C1 /* DatabaseManager.swift */ = {isa = PBXFileReference; lastKnownFileType = sourcecode.swift; path = DatabaseManager.swift; sourceTree = "<group>"; };
		128A2C1B247C1C5A006480C1 /* DatabaseDriver.swift */ = {isa = PBXFileReference; lastKnownFileType = sourcecode.swift; path = DatabaseDriver.swift; sourceTree = "<group>"; };
		128A2C1D247C1C7C006480C1 /* DatabaseDriverProtocol.swift */ = {isa = PBXFileReference; lastKnownFileType = sourcecode.swift; path = DatabaseDriverProtocol.swift; sourceTree = "<group>"; };
		128A2C1F247C1D63006480C1 /* InsertOperation.swift */ = {isa = PBXFileReference; lastKnownFileType = sourcecode.swift; path = InsertOperation.swift; sourceTree = "<group>"; };
		128A2C21247C1D76006480C1 /* UpdateOperation.swift */ = {isa = PBXFileReference; lastKnownFileType = sourcecode.swift; path = UpdateOperation.swift; sourceTree = "<group>"; };
		128A2C23247C1D9A006480C1 /* SelectOperation.swift */ = {isa = PBXFileReference; lastKnownFileType = sourcecode.swift; path = SelectOperation.swift; sourceTree = "<group>"; };
		128A2C25247C1DBB006480C1 /* DeleteOperation.swift */ = {isa = PBXFileReference; lastKnownFileType = sourcecode.swift; path = DeleteOperation.swift; sourceTree = "<group>"; };
		128CF5BB24ACCA620024E866 /* Task.swift */ = {isa = PBXFileReference; lastKnownFileType = sourcecode.swift; path = Task.swift; sourceTree = "<group>"; };
		128CF5BD24ACDA0D0024E866 /* TestDataOrModel.swift */ = {isa = PBXFileReference; lastKnownFileType = sourcecode.swift; path = TestDataOrModel.swift; sourceTree = "<group>"; };
		128CF5BF24ACE1930024E866 /* DetailTaskViewControllerProtocol.swift */ = {isa = PBXFileReference; lastKnownFileType = sourcecode.swift; path = DetailTaskViewControllerProtocol.swift; sourceTree = "<group>"; };
		12939A49248571ED00483A7F /* SelfSizedTableView.swift */ = {isa = PBXFileReference; lastKnownFileType = sourcecode.swift; path = SelfSizedTableView.swift; sourceTree = "<group>"; };
		1295525D247436C90059C8B1 /* LoginView.swift */ = {isa = PBXFileReference; lastKnownFileType = sourcecode.swift; path = LoginView.swift; sourceTree = "<group>"; };
		1295525F24743A2E0059C8B1 /* LoginViewController.swift */ = {isa = PBXFileReference; lastKnownFileType = sourcecode.swift; path = LoginViewController.swift; sourceTree = "<group>"; };
		129918B3247572C1007D2E67 /* LoginPresenter.swift */ = {isa = PBXFileReference; lastKnownFileType = sourcecode.swift; path = LoginPresenter.swift; sourceTree = "<group>"; };
		129918B5247572DA007D2E67 /* LoginPresenterProtocol.swift */ = {isa = PBXFileReference; lastKnownFileType = sourcecode.swift; path = LoginPresenterProtocol.swift; sourceTree = "<group>"; };
		129918B724757342007D2E67 /* LoginViewControllerProtocol.swift */ = {isa = PBXFileReference; lastKnownFileType = sourcecode.swift; path = LoginViewControllerProtocol.swift; sourceTree = "<group>"; };
		129B90EE24A4E68A00A379DF /* DetailTaskViewController.swift */ = {isa = PBXFileReference; lastKnownFileType = sourcecode.swift; path = DetailTaskViewController.swift; sourceTree = "<group>"; };
		129B90F024A4E6DF00A379DF /* TaskDetailView.swift */ = {isa = PBXFileReference; lastKnownFileType = sourcecode.swift; path = TaskDetailView.swift; sourceTree = "<group>"; };
		129EE64D2475B90400763FB8 /* RegistrationView.swift */ = {isa = PBXFileReference; lastKnownFileType = sourcecode.swift; path = RegistrationView.swift; sourceTree = "<group>"; };
		129EE64F2475BACD00763FB8 /* RegistrationViewController.swift */ = {isa = PBXFileReference; lastKnownFileType = sourcecode.swift; path = RegistrationViewController.swift; sourceTree = "<group>"; };
		129EE6512475BEA700763FB8 /* RegistrationViewControllerProtocol.swift */ = {isa = PBXFileReference; lastKnownFileType = sourcecode.swift; path = RegistrationViewControllerProtocol.swift; sourceTree = "<group>"; };
		129EE6532475BEBC00763FB8 /* RegistrationPresenterProtocol.swift */ = {isa = PBXFileReference; lastKnownFileType = sourcecode.swift; path = RegistrationPresenterProtocol.swift; sourceTree = "<group>"; };
		129EE6552475BECA00763FB8 /* RegistrationPresenter.swift */ = {isa = PBXFileReference; lastKnownFileType = sourcecode.swift; path = RegistrationPresenter.swift; sourceTree = "<group>"; };
		129F13B624781F9A0038FBAD /* ViewControllerProtocol.swift */ = {isa = PBXFileReference; lastKnownFileType = sourcecode.swift; path = ViewControllerProtocol.swift; sourceTree = "<group>"; };
		12A0C1C3248689C600575FA9 /* BoardContainerTableViewCell.swift */ = {isa = PBXFileReference; lastKnownFileType = sourcecode.swift; path = BoardContainerTableViewCell.swift; sourceTree = "<group>"; };
		12A0C1C4248689C600575FA9 /* BoardContainerTableViewCell.xib */ = {isa = PBXFileReference; lastKnownFileType = file.xib; path = BoardContainerTableViewCell.xib; sourceTree = "<group>"; };
		12A0C1C72486936400575FA9 /* CardView.swift */ = {isa = PBXFileReference; lastKnownFileType = sourcecode.swift; path = CardView.swift; sourceTree = "<group>"; };
		12BEB3AF24B35DD70003F38E /* DetailTaskPresenterProtocol.swift */ = {isa = PBXFileReference; lastKnownFileType = sourcecode.swift; path = DetailTaskPresenterProtocol.swift; sourceTree = "<group>"; };
		12BF660624813C0E001C889D /* ModelProtocol.swift */ = {isa = PBXFileReference; lastKnownFileType = sourcecode.swift; path = ModelProtocol.swift; sourceTree = "<group>"; };
		12BF6608248168B7001C889D /* SQLScripts.swift */ = {isa = PBXFileReference; lastKnownFileType = sourcecode.swift; path = SQLScripts.swift; sourceTree = "<group>"; };
		12C5320524A64C2B00A57B4A /* CommentTextFieldView.swift */ = {isa = PBXFileReference; lastKnownFileType = sourcecode.swift; path = CommentTextFieldView.swift; sourceTree = "<group>"; };
		12C6328F24AE418B009974F6 /* AttachmentView.swift */ = {isa = PBXFileReference; lastKnownFileType = sourcecode.swift; path = AttachmentView.swift; sourceTree = "<group>"; };
		12C6329124AE544D009974F6 /* AttachmentAddCollectionViewCell.swift */ = {isa = PBXFileReference; lastKnownFileType = sourcecode.swift; path = AttachmentAddCollectionViewCell.swift; sourceTree = "<group>"; };
		12C6329224AE544D009974F6 /* AttachmentAddCollectionViewCell.xib */ = {isa = PBXFileReference; lastKnownFileType = file.xib; path = AttachmentAddCollectionViewCell.xib; sourceTree = "<group>"; };
		12C75EE624892E950049ECB7 /* Board.swift */ = {isa = PBXFileReference; lastKnownFileType = sourcecode.swift; path = Board.swift; sourceTree = "<group>"; };
		12C75EE824892F590049ECB7 /* BoardCollectionViewCell.swift */ = {isa = PBXFileReference; lastKnownFileType = sourcecode.swift; path = BoardCollectionViewCell.swift; sourceTree = "<group>"; };
		12C75EEA248942450049ECB7 /* BoardCollectionViewController.swift */ = {isa = PBXFileReference; lastKnownFileType = sourcecode.swift; path = BoardCollectionViewController.swift; sourceTree = "<group>"; };
		12C75EEE248943530049ECB7 /* Board.storyboard */ = {isa = PBXFileReference; lastKnownFileType = file.storyboard; path = Board.storyboard; sourceTree = "<group>"; };
		12C9D383246314F70063B639 /* Observable.swift */ = {isa = PBXFileReference; lastKnownFileType = sourcecode.swift; path = Observable.swift; sourceTree = "<group>"; };
		12CC7C412448828F00ECE62A /* TimeBoard.app */ = {isa = PBXFileReference; explicitFileType = wrapper.application; includeInIndex = 0; path = TimeBoard.app; sourceTree = BUILT_PRODUCTS_DIR; };
		12CC7C442448828F00ECE62A /* AppDelegate.swift */ = {isa = PBXFileReference; lastKnownFileType = sourcecode.swift; path = AppDelegate.swift; sourceTree = "<group>"; };
		12CC7C482448828F00ECE62A /* TestViewController.swift */ = {isa = PBXFileReference; lastKnownFileType = sourcecode.swift; path = TestViewController.swift; sourceTree = "<group>"; };
		12CC7C4B2448828F00ECE62A /* Base */ = {isa = PBXFileReference; lastKnownFileType = file.storyboard; name = Base; path = Base.lproj/Main.storyboard; sourceTree = "<group>"; };
		12CC7C4D2448829100ECE62A /* Assets.xcassets */ = {isa = PBXFileReference; lastKnownFileType = folder.assetcatalog; path = Assets.xcassets; sourceTree = "<group>"; };
		12CC7C502448829100ECE62A /* Base */ = {isa = PBXFileReference; lastKnownFileType = file.storyboard; name = Base; path = Base.lproj/LaunchScreen.storyboard; sourceTree = "<group>"; };
		12CC7C522448829100ECE62A /* Info.plist */ = {isa = PBXFileReference; lastKnownFileType = text.plist.xml; path = Info.plist; sourceTree = "<group>"; };
		12D161FA2476DA960027B058 /* IValidatable.swift */ = {isa = PBXFileReference; lastKnownFileType = sourcecode.swift; path = IValidatable.swift; sourceTree = "<group>"; };
		12D161FC2476DBC60027B058 /* IValidationManager.swift */ = {isa = PBXFileReference; lastKnownFileType = sourcecode.swift; path = IValidationManager.swift; sourceTree = "<group>"; };
		12D161FE2476DE510027B058 /* TBValidationManager.swift */ = {isa = PBXFileReference; lastKnownFileType = sourcecode.swift; path = TBValidationManager.swift; sourceTree = "<group>"; };
		12D162002476E6CF0027B058 /* IValidateManagerDelegate.swift */ = {isa = PBXFileReference; lastKnownFileType = sourcecode.swift; path = IValidateManagerDelegate.swift; sourceTree = "<group>"; };
		12E1F6BF24BCA98000D38F1D /* ImageScrollView.swift */ = {isa = PBXFileReference; lastKnownFileType = sourcecode.swift; path = ImageScrollView.swift; sourceTree = "<group>"; };
		12E1F6C124BCA9CA00D38F1D /* ImagePreviewCollectionViewCell.swift */ = {isa = PBXFileReference; lastKnownFileType = sourcecode.swift; path = ImagePreviewCollectionViewCell.swift; sourceTree = "<group>"; };
		5AA20A09AD72E3944A378D46 /* Pods-time-board.debug.xcconfig */ = {isa = PBXFileReference; includeInIndex = 1; lastKnownFileType = text.xcconfig; name = "Pods-time-board.debug.xcconfig"; path = "Target Support Files/Pods-time-board/Pods-time-board.debug.xcconfig"; sourceTree = "<group>"; };
		AB27A6ED6E717ABBDB1DB747 /* Pods_time_board.framework */ = {isa = PBXFileReference; explicitFileType = wrapper.framework; includeInIndex = 0; path = Pods_time_board.framework; sourceTree = BUILT_PRODUCTS_DIR; };
		E53A4581D0308429A0945C6C /* Pods-time-board.release.xcconfig */ = {isa = PBXFileReference; includeInIndex = 1; lastKnownFileType = text.xcconfig; name = "Pods-time-board.release.xcconfig"; path = "Target Support Files/Pods-time-board/Pods-time-board.release.xcconfig"; sourceTree = "<group>"; };
/* End PBXFileReference section */

/* Begin PBXFrameworksBuildPhase section */
		12CC7C3E2448828F00ECE62A /* Frameworks */ = {
			isa = PBXFrameworksBuildPhase;
			buildActionMask = 2147483647;
			files = (
				8E32898AA1E1943715556728 /* Pods_time_board.framework in Frameworks */,
			);
			runOnlyForDeploymentPostprocessing = 0;
		};
/* End PBXFrameworksBuildPhase section */

/* Begin PBXGroup section */
		12009F6F24B785190043D2B1 /* Preview */ = {
			isa = PBXGroup;
			children = (
				12009F6D24B7850D0043D2B1 /* PreviewAttachmentViewController.swift */,
				12E1F6C124BCA9CA00D38F1D /* ImagePreviewCollectionViewCell.swift */,
				12E1F6BF24BCA98000D38F1D /* ImageScrollView.swift */,
			);
			path = Preview;
			sourceTree = "<group>";
		};
		1204A431245C690C00CE4909 /* ViewControllersForTabBar */ = {
			isa = PBXGroup;
			children = (
				1204A432245C691F00CE4909 /* ProfileViewController.swift */,
				1204A434245C692B00CE4909 /* ProjectsViewController.swift */,
				1204A436245C695000CE4909 /* IsshuesViewController.swift */,
				1204A438245C695A00CE4909 /* NotificationsViewController.swift */,
				1204A43A245C6FFC00CE4909 /* TabBarViewController.swift */,
				1295525F24743A2E0059C8B1 /* LoginViewController.swift */,
				129EE64F2475BACD00763FB8 /* RegistrationViewController.swift */,
			);
			path = ViewControllersForTabBar;
			sourceTree = "<group>";
		};
		12201A42246179E7002D2E9A /* Network */ = {
			isa = PBXGroup;
			children = (
				12201A43246179F4002D2E9A /* NetworkManager.swift */,
			);
			path = Network;
			sourceTree = "<group>";
		};
		122FB1BC24607905005A5346 /* Protocols */ = {
			isa = PBXGroup;
			children = (
				12D162042476EC110027B058 /* Validator */,
				122FB1BE24608AEE005A5346 /* ProfileViewControllerProtocol.swift */,
				122FB1C024608B02005A5346 /* ProfilePresenterProtocol.swift */,
				129918B5247572DA007D2E67 /* LoginPresenterProtocol.swift */,
				129918B724757342007D2E67 /* LoginViewControllerProtocol.swift */,
				129EE6512475BEA700763FB8 /* RegistrationViewControllerProtocol.swift */,
				129EE6532475BEBC00763FB8 /* RegistrationPresenterProtocol.swift */,
				129F13B624781F9A0038FBAD /* ViewControllerProtocol.swift */,
				128A2C1D247C1C7C006480C1 /* DatabaseDriverProtocol.swift */,
				12BF660624813C0E001C889D /* ModelProtocol.swift */,
				12080BEC2498F46C000D02BE /* BoardCollectionPresenterProtocol.swift */,
				12080BEE2498F58D000D02BE /* BoardCollectionControllerProtocol.swift */,
				128CF5BF24ACE1930024E866 /* DetailTaskViewControllerProtocol.swift */,
				12BEB3AF24B35DD70003F38E /* DetailTaskPresenterProtocol.swift */,
				120FF94524B4BAEC0088F0C3 /* AttachmentCellProtocol.swift */,
			);
			path = Protocols;
			sourceTree = "<group>";
		};
		122FB1BD24607924005A5346 /* Presenters */ = {
			isa = PBXGroup;
			children = (
				122FB1C224608B0C005A5346 /* ProfilePresenter.swift */,
				129918B3247572C1007D2E67 /* LoginPresenter.swift */,
				129EE6552475BECA00763FB8 /* RegistrationPresenter.swift */,
				12080BF02498F5C5000D02BE /* BoardCollectionPresenter.swift */,
				12867C2024B35AD700E03C0C /* DetailTaskPresenter.swift */,
			);
			path = Presenters;
			sourceTree = "<group>";
		};
		123A739324892C3E00FFDAB4 /* Boards */ = {
			isa = PBXGroup;
			children = (
				129B90ED24A4E64000A379DF /* DetailViews */,
				12C75EE624892E950049ECB7 /* Board.swift */,
				128CF5BB24ACCA620024E866 /* Task.swift */,
				120FF94124B4A6B50088F0C3 /* Attachment.swift */,
				12C75EE824892F590049ECB7 /* BoardCollectionViewCell.swift */,
				12C75EEA248942450049ECB7 /* BoardCollectionViewController.swift */,
				12C75EEE248943530049ECB7 /* Board.storyboard */,
				12A0C1C3248689C600575FA9 /* BoardContainerTableViewCell.swift */,
				12A0C1C4248689C600575FA9 /* BoardContainerTableViewCell.xib */,
				12A0C1C72486936400575FA9 /* CardView.swift */,
				12939A49248571ED00483A7F /* SelfSizedTableView.swift */,
				12080BE82498F31F000D02BE /* AddListButtonViewCollectionViewCell.swift */,
				12080BE92498F31F000D02BE /* AddListButtonViewCollectionViewCell.xib */,
			);
			path = Boards;
			sourceTree = "<group>";
		};
		123FA5D9244886E40092E931 /* Domen models */ = {
			isa = PBXGroup;
			children = (
				123FA5DB244887290092E931 /* AccountSchema */,
				123FA5DA2448871A0092E931 /* ProjectSchema */,
			);
			path = "Domen models";
			sourceTree = "<group>";
		};
		123FA5DA2448871A0092E931 /* ProjectSchema */ = {
			isa = PBXGroup;
			children = (
				123FA5E62448A4FE0092E931 /* PSGroupTask.swift */,
				123FA5E82448A5930092E931 /* PSRole.swift */,
				123FA5EA2448A7230092E931 /* PSStep.swift */,
				123FA5EC2448A83F0092E931 /* PSProjectDashBoard.swift */,
				123FA5EE2448A9C80092E931 /* PSTask.swift */,
				123FA5F02448B3C10092E931 /* PSProjectUser.swift */,
				125864EF2448B957002A63F7 /* PSComment.swift */,
				125864F12448BB05002A63F7 /* PSTaskAttachment.swift */,
				125864F32448BC51002A63F7 /* PSCommit.swift */,
			);
			path = ProjectSchema;
			sourceTree = "<group>";
		};
		123FA5DB244887290092E931 /* AccountSchema */ = {
			isa = PBXGroup;
			children = (
				123FA5DC24488B7C0092E931 /* ASAccount.swift */,
				123FA5DE2448945F0092E931 /* ASProjectSchema.swift */,
				123FA5E02448972D0092E931 /* ASTask.swift */,
				123FA5E224489EC80092E931 /* ASGroupTask.swift */,
				123FA5E424489FEE0092E931 /* ASTaskAttachment.swift */,
			);
			path = AccountSchema;
			sourceTree = "<group>";
		};
		1247E472246430DA00765287 /* Extensions */ = {
			isa = PBXGroup;
			children = (
				1247E4732464316F00765287 /* UIView+anchorConstraints.swift */,
				1247E475246431DC00765287 /* UIViewController+toast.swift */,
				12141AD5246C3DDF001290AF /* Notification+names.swift */,
				125C46BF24740DE600C09D5D /* StringOptional+Utils.swift */,
			);
			path = Extensions;
			sourceTree = "<group>";
		};
		1247E47724643D5500765287 /* Views */ = {
			isa = PBXGroup;
			children = (
				1247E47824643D6000765287 /* ProfileView.swift */,
				125C46C12474132900C09D5D /* TBTextField.swift */,
				1295525D247436C90059C8B1 /* LoginView.swift */,
				129EE64D2475B90400763FB8 /* RegistrationView.swift */,
				123A739324892C3E00FFDAB4 /* Boards */,
			);
			path = Views;
			sourceTree = "<group>";
		};
		128A2C15247C1BC6006480C1 /* Operations */ = {
			isa = PBXGroup;
			children = (
				12BBCEE7247EAB440054E551 /* Database operations */,
				128A2C16247C1BDA006480C1 /* AsyncOperation.swift */,
			);
			path = Operations;
			sourceTree = "<group>";
		};
		128A2C18247C1C2D006480C1 /* Database */ = {
			isa = PBXGroup;
			children = (
				128A2C19247C1C3D006480C1 /* DatabaseManager.swift */,
				128A2C1B247C1C5A006480C1 /* DatabaseDriver.swift */,
				12BF6608248168B7001C889D /* SQLScripts.swift */,
			);
			path = Database;
			sourceTree = "<group>";
		};
		129B90ED24A4E64000A379DF /* DetailViews */ = {
			isa = PBXGroup;
			children = (
				12009F6F24B785190043D2B1 /* Preview */,
				129B90EE24A4E68A00A379DF /* DetailTaskViewController.swift */,
				129B90F024A4E6DF00A379DF /* TaskDetailView.swift */,
				12C5320524A64C2B00A57B4A /* CommentTextFieldView.swift */,
				1266079324AB8FC800B0CB3D /* CommentView.swift */,
				12C6328F24AE418B009974F6 /* AttachmentView.swift */,
				12C6329124AE544D009974F6 /* AttachmentAddCollectionViewCell.swift */,
				12C6329224AE544D009974F6 /* AttachmentAddCollectionViewCell.xib */,
				120FF94324B4B8610088F0C3 /* AttachmentCommonCollectionViewCell.swift */,
			);
			path = DetailViews;
			sourceTree = "<group>";
		};
		12BBCEE7247EAB440054E551 /* Database operations */ = {
			isa = PBXGroup;
			children = (
				121A25F9247EAE33006D6BBD /* CreateOperation.swift */,
				128A2C1F247C1D63006480C1 /* InsertOperation.swift */,
				128A2C23247C1D9A006480C1 /* SelectOperation.swift */,
				128A2C21247C1D76006480C1 /* UpdateOperation.swift */,
				128A2C25247C1DBB006480C1 /* DeleteOperation.swift */,
				121A25FD247EC662006D6BBD /* DropOperation.swift */,
			);
			path = "Database operations";
			sourceTree = "<group>";
		};
		12C9D3852463159D0063B639 /* Support */ = {
			isa = PBXGroup;
			children = (
				12D885FA246C8D1400B8E1EB /* Logs */,
				12201A42246179E7002D2E9A /* Network */,
				12C9D383246314F70063B639 /* Observable.swift */,
				12537748246AC30D00460A48 /* Constants.swift */,
				1253774A246AE3B400460A48 /* EventMessages.swift */,
				12141AD3246C37A8001290AF /* AppInfo.swift */,
				125C46BD2473FB8100C09D5D /* Settings.swift */,
				12D161FE2476DE510027B058 /* TBValidationManager.swift */,
			);
			path = Support;
			sourceTree = "<group>";
		};
		12CC7C382448828F00ECE62A = {
			isa = PBXGroup;
			children = (
				12CC7C432448828F00ECE62A /* time-board */,
				12CC7C422448828F00ECE62A /* Products */,
				F88C055FC6841EFCF954FC6D /* Pods */,
				27FBA1F44878F8C641AB66C2 /* Frameworks */,
			);
			sourceTree = "<group>";
		};
		12CC7C422448828F00ECE62A /* Products */ = {
			isa = PBXGroup;
			children = (
				12CC7C412448828F00ECE62A /* TimeBoard.app */,
			);
			name = Products;
			sourceTree = "<group>";
		};
		12CC7C432448828F00ECE62A /* time-board */ = {
			isa = PBXGroup;
			children = (
				128A2C18247C1C2D006480C1 /* Database */,
				128A2C15247C1BC6006480C1 /* Operations */,
				1247E47724643D5500765287 /* Views */,
				1247E472246430DA00765287 /* Extensions */,
				12C9D3852463159D0063B639 /* Support */,
				122FB1BD24607924005A5346 /* Presenters */,
				122FB1BC24607905005A5346 /* Protocols */,
				1204A431245C690C00CE4909 /* ViewControllersForTabBar */,
				12CC7C442448828F00ECE62A /* AppDelegate.swift */,
				12CC7C482448828F00ECE62A /* TestViewController.swift */,
				123FA5D9244886E40092E931 /* Domen models */,
				12CC7C4A2448828F00ECE62A /* Main.storyboard */,
				12CC7C4D2448829100ECE62A /* Assets.xcassets */,
				12CC7C4F2448829100ECE62A /* LaunchScreen.storyboard */,
				12CC7C522448829100ECE62A /* Info.plist */,
				128CF5BD24ACDA0D0024E866 /* TestDataOrModel.swift */,
			);
			path = "time-board";
			sourceTree = "<group>";
		};
		12D162042476EC110027B058 /* Validator */ = {
			isa = PBXGroup;
			children = (
				12D161FA2476DA960027B058 /* IValidatable.swift */,
				12D161FC2476DBC60027B058 /* IValidationManager.swift */,
				12D162002476E6CF0027B058 /* IValidateManagerDelegate.swift */,
			);
			path = Validator;
			sourceTree = "<group>";
		};
		12D885FA246C8D1400B8E1EB /* Logs */ = {
			isa = PBXGroup;
			children = (
				125ACAB9246C636F00C4365C /* CustomLogFormater.swift */,
				125ACABC246C6B1300C4365C /* LogWrappers.swift */,
			);
			path = Logs;
			sourceTree = "<group>";
		};
		27FBA1F44878F8C641AB66C2 /* Frameworks */ = {
			isa = PBXGroup;
			children = (
				AB27A6ED6E717ABBDB1DB747 /* Pods_time_board.framework */,
			);
			name = Frameworks;
			sourceTree = "<group>";
		};
		F88C055FC6841EFCF954FC6D /* Pods */ = {
			isa = PBXGroup;
			children = (
				5AA20A09AD72E3944A378D46 /* Pods-time-board.debug.xcconfig */,
				E53A4581D0308429A0945C6C /* Pods-time-board.release.xcconfig */,
			);
			path = Pods;
			sourceTree = "<group>";
		};
/* End PBXGroup section */

/* Begin PBXNativeTarget section */
		12CC7C402448828F00ECE62A /* time-board */ = {
			isa = PBXNativeTarget;
			buildConfigurationList = 12CC7C552448829100ECE62A /* Build configuration list for PBXNativeTarget "time-board" */;
			buildPhases = (
				3FD292691DB7B07308787BB0 /* [CP] Check Pods Manifest.lock */,
				12CC7C3D2448828F00ECE62A /* Sources */,
				12CC7C3E2448828F00ECE62A /* Frameworks */,
				12CC7C3F2448828F00ECE62A /* Resources */,
				5AE66AAE16C924E5607811A0 /* [CP] Embed Pods Frameworks */,
			);
			buildRules = (
			);
			dependencies = (
			);
			name = "time-board";
			productName = "time-board";
			productReference = 12CC7C412448828F00ECE62A /* TimeBoard.app */;
			productType = "com.apple.product-type.application";
		};
/* End PBXNativeTarget section */

/* Begin PBXProject section */
		12CC7C392448828F00ECE62A /* Project object */ = {
			isa = PBXProject;
			attributes = {
				LastSwiftUpdateCheck = 1140;
				LastUpgradeCheck = 1140;
				ORGANIZATIONNAME = Tianid;
				TargetAttributes = {
					12CC7C402448828F00ECE62A = {
						CreatedOnToolsVersion = 11.4;
					};
				};
			};
			buildConfigurationList = 12CC7C3C2448828F00ECE62A /* Build configuration list for PBXProject "time-board" */;
			compatibilityVersion = "Xcode 9.3";
			developmentRegion = en;
			hasScannedForEncodings = 0;
			knownRegions = (
				en,
				Base,
			);
			mainGroup = 12CC7C382448828F00ECE62A;
			productRefGroup = 12CC7C422448828F00ECE62A /* Products */;
			projectDirPath = "";
			projectRoot = "";
			targets = (
				12CC7C402448828F00ECE62A /* time-board */,
			);
		};
/* End PBXProject section */

/* Begin PBXResourcesBuildPhase section */
		12CC7C3F2448828F00ECE62A /* Resources */ = {
			isa = PBXResourcesBuildPhase;
			buildActionMask = 2147483647;
			files = (
				12CC7C512448829100ECE62A /* LaunchScreen.storyboard in Resources */,
				12080BEB2498F31F000D02BE /* AddListButtonViewCollectionViewCell.xib in Resources */,
				12CC7C4E2448829100ECE62A /* Assets.xcassets in Resources */,
				12C75EEF248943530049ECB7 /* Board.storyboard in Resources */,
				12A0C1C6248689C600575FA9 /* BoardContainerTableViewCell.xib in Resources */,
				12CC7C4C2448828F00ECE62A /* Main.storyboard in Resources */,
				12C6329424AE544D009974F6 /* AttachmentAddCollectionViewCell.xib in Resources */,
			);
			runOnlyForDeploymentPostprocessing = 0;
		};
/* End PBXResourcesBuildPhase section */

/* Begin PBXShellScriptBuildPhase section */
		3FD292691DB7B07308787BB0 /* [CP] Check Pods Manifest.lock */ = {
			isa = PBXShellScriptBuildPhase;
			buildActionMask = 2147483647;
			files = (
			);
			inputFileListPaths = (
			);
			inputPaths = (
				"${PODS_PODFILE_DIR_PATH}/Podfile.lock",
				"${PODS_ROOT}/Manifest.lock",
			);
			name = "[CP] Check Pods Manifest.lock";
			outputFileListPaths = (
			);
			outputPaths = (
				"$(DERIVED_FILE_DIR)/Pods-time-board-checkManifestLockResult.txt",
			);
			runOnlyForDeploymentPostprocessing = 0;
			shellPath = /bin/sh;
			shellScript = "diff \"${PODS_PODFILE_DIR_PATH}/Podfile.lock\" \"${PODS_ROOT}/Manifest.lock\" > /dev/null\nif [ $? != 0 ] ; then\n    # print error to STDERR\n    echo \"error: The sandbox is not in sync with the Podfile.lock. Run 'pod install' or update your CocoaPods installation.\" >&2\n    exit 1\nfi\n# This output is used by Xcode 'outputs' to avoid re-running this script phase.\necho \"SUCCESS\" > \"${SCRIPT_OUTPUT_FILE_0}\"\n";
			showEnvVarsInLog = 0;
		};
		5AE66AAE16C924E5607811A0 /* [CP] Embed Pods Frameworks */ = {
			isa = PBXShellScriptBuildPhase;
			buildActionMask = 2147483647;
			files = (
			);
			inputFileListPaths = (
				"${PODS_ROOT}/Target Support Files/Pods-time-board/Pods-time-board-frameworks-${CONFIGURATION}-input-files.xcfilelist",
			);
			name = "[CP] Embed Pods Frameworks";
			outputFileListPaths = (
				"${PODS_ROOT}/Target Support Files/Pods-time-board/Pods-time-board-frameworks-${CONFIGURATION}-output-files.xcfilelist",
			);
			runOnlyForDeploymentPostprocessing = 0;
			shellPath = /bin/sh;
			shellScript = "\"${PODS_ROOT}/Target Support Files/Pods-time-board/Pods-time-board-frameworks.sh\"\n";
			showEnvVarsInLog = 0;
		};
/* End PBXShellScriptBuildPhase section */

/* Begin PBXSourcesBuildPhase section */
		12CC7C3D2448828F00ECE62A /* Sources */ = {
			isa = PBXSourcesBuildPhase;
			buildActionMask = 2147483647;
			files = (
				12080BEF2498F58D000D02BE /* BoardCollectionControllerProtocol.swift in Sources */,
				12C6329324AE544D009974F6 /* AttachmentAddCollectionViewCell.swift in Sources */,
				12939A4A248571ED00483A7F /* SelfSizedTableView.swift in Sources */,
				129918B4247572C1007D2E67 /* LoginPresenter.swift in Sources */,
				1204A437245C695000CE4909 /* IsshuesViewController.swift in Sources */,
				123FA5EB2448A7230092E931 /* PSStep.swift in Sources */,
				12C75EE724892E950049ECB7 /* Board.swift in Sources */,
				129918B824757342007D2E67 /* LoginViewControllerProtocol.swift in Sources */,
				125C46BE2473FB8100C09D5D /* Settings.swift in Sources */,
				122FB1C324608B0C005A5346 /* ProfilePresenter.swift in Sources */,
				1253774B246AE3B400460A48 /* EventMessages.swift in Sources */,
				129918B6247572DA007D2E67 /* LoginPresenterProtocol.swift in Sources */,
				125ACABA246C636F00C4365C /* CustomLogFormater.swift in Sources */,
				123FA5EF2448A9C80092E931 /* PSTask.swift in Sources */,
				128A2C26247C1DBB006480C1 /* DeleteOperation.swift in Sources */,
				12E1F6C024BCA98000D38F1D /* ImageScrollView.swift in Sources */,
				129B90F124A4E6DF00A379DF /* TaskDetailView.swift in Sources */,
				122FB1C124608B02005A5346 /* ProfilePresenterProtocol.swift in Sources */,
				129EE64E2475B90400763FB8 /* RegistrationView.swift in Sources */,
				12080BEA2498F31F000D02BE /* AddListButtonViewCollectionViewCell.swift in Sources */,
				12C5320624A64C2B00A57B4A /* CommentTextFieldView.swift in Sources */,
				128A2C1A247C1C3D006480C1 /* DatabaseManager.swift in Sources */,
				123FA5ED2448A83F0092E931 /* PSProjectDashBoard.swift in Sources */,
				121A25FA247EAE33006D6BBD /* CreateOperation.swift in Sources */,
				125C46C024740DE600C09D5D /* StringOptional+Utils.swift in Sources */,
				1204A43B245C6FFC00CE4909 /* TabBarViewController.swift in Sources */,
				12BF6609248168B7001C889D /* SQLScripts.swift in Sources */,
				128CF5BC24ACCA620024E866 /* Task.swift in Sources */,
				12BEB3B024B35DD70003F38E /* DetailTaskPresenterProtocol.swift in Sources */,
				129EE6522475BEA700763FB8 /* RegistrationViewControllerProtocol.swift in Sources */,
				128A2C17247C1BDA006480C1 /* AsyncOperation.swift in Sources */,
				123FA5E324489EC80092E931 /* ASGroupTask.swift in Sources */,
				129B90EF24A4E68A00A379DF /* DetailTaskViewController.swift in Sources */,
				12537749246AC30D00460A48 /* Constants.swift in Sources */,
				125C46C22474132900C09D5D /* TBTextField.swift in Sources */,
				122FB1BF24608AEE005A5346 /* ProfileViewControllerProtocol.swift in Sources */,
				129F13B724781F9A0038FBAD /* ViewControllerProtocol.swift in Sources */,
				123FA5DF2448945F0092E931 /* ASProjectSchema.swift in Sources */,
				128A2C1C247C1C5A006480C1 /* DatabaseDriver.swift in Sources */,
				1247E476246431DC00765287 /* UIViewController+toast.swift in Sources */,
				12141AD6246C3DDF001290AF /* Notification+names.swift in Sources */,
				12C75EE924892F590049ECB7 /* BoardCollectionViewCell.swift in Sources */,
				12141AD4246C37A8001290AF /* AppInfo.swift in Sources */,
				125864F42448BC51002A63F7 /* PSCommit.swift in Sources */,
				12C75EEC248942450049ECB7 /* BoardCollectionViewController.swift in Sources */,
				120FF94424B4B8610088F0C3 /* AttachmentCommonCollectionViewCell.swift in Sources */,
				129EE6562475BECA00763FB8 /* RegistrationPresenter.swift in Sources */,
				120FF94624B4BAEC0088F0C3 /* AttachmentCellProtocol.swift in Sources */,
				125864F22448BB05002A63F7 /* PSTaskAttachment.swift in Sources */,
				12A0C1C5248689C600575FA9 /* BoardContainerTableViewCell.swift in Sources */,
				12C9D384246314F70063B639 /* Observable.swift in Sources */,
				128A2C20247C1D63006480C1 /* InsertOperation.swift in Sources */,
				1204A433245C691F00CE4909 /* ProfileViewController.swift in Sources */,
				125ACABD246C6B1300C4365C /* LogWrappers.swift in Sources */,
				12D161FB2476DA960027B058 /* IValidatable.swift in Sources */,
				12E1F6C224BCA9CA00D38F1D /* ImagePreviewCollectionViewCell.swift in Sources */,
				128A2C1E247C1C7C006480C1 /* DatabaseDriverProtocol.swift in Sources */,
				123FA5E524489FEE0092E931 /* ASTaskAttachment.swift in Sources */,
				123FA5E12448972D0092E931 /* ASTask.swift in Sources */,
				123FA5F12448B3C10092E931 /* PSProjectUser.swift in Sources */,
				12D162012476E6CF0027B058 /* IValidateManagerDelegate.swift in Sources */,
				12D161FD2476DBC60027B058 /* IValidationManager.swift in Sources */,
				12CC7C492448828F00ECE62A /* TestViewController.swift in Sources */,
				12080BED2498F46C000D02BE /* BoardCollectionPresenterProtocol.swift in Sources */,
				1295526024743A2E0059C8B1 /* LoginViewController.swift in Sources */,
				1204A435245C692B00CE4909 /* ProjectsViewController.swift in Sources */,
				128A2C24247C1D9A006480C1 /* SelectOperation.swift in Sources */,
				12C6329024AE418B009974F6 /* AttachmentView.swift in Sources */,
				1247E4742464316F00765287 /* UIView+anchorConstraints.swift in Sources */,
				12BF660724813C0E001C889D /* ModelProtocol.swift in Sources */,
				1247E47924643D6000765287 /* ProfileView.swift in Sources */,
				128A2C22247C1D76006480C1 /* UpdateOperation.swift in Sources */,
				121A25FE247EC662006D6BBD /* DropOperation.swift in Sources */,
				123FA5E92448A5930092E931 /* PSRole.swift in Sources */,
				1204A439245C695A00CE4909 /* NotificationsViewController.swift in Sources */,
				12080BF12498F5C5000D02BE /* BoardCollectionPresenter.swift in Sources */,
				12867C2124B35AD700E03C0C /* DetailTaskPresenter.swift in Sources */,
				128CF5BE24ACDA0D0024E866 /* TestDataOrModel.swift in Sources */,
				1266079424AB8FC800B0CB3D /* CommentView.swift in Sources */,
				12CC7C452448828F00ECE62A /* AppDelegate.swift in Sources */,
				129EE6542475BEBC00763FB8 /* RegistrationPresenterProtocol.swift in Sources */,
				129EE6502475BACD00763FB8 /* RegistrationViewController.swift in Sources */,
				12009F6E24B7850D0043D2B1 /* PreviewAttachmentViewController.swift in Sources */,
				123FA5DD24488B7C0092E931 /* ASAccount.swift in Sources */,
				12201A44246179F4002D2E9A /* NetworkManager.swift in Sources */,
				12A0C1C82486936400575FA9 /* CardView.swift in Sources */,
				1295525E247436C90059C8B1 /* LoginView.swift in Sources */,
				12D161FF2476DE510027B058 /* TBValidationManager.swift in Sources */,
				125864F02448B957002A63F7 /* PSComment.swift in Sources */,
				128CF5C024ACE1930024E866 /* DetailTaskViewControllerProtocol.swift in Sources */,
				120FF94224B4A6B50088F0C3 /* Attachment.swift in Sources */,
				123FA5E72448A4FE0092E931 /* PSGroupTask.swift in Sources */,
			);
			runOnlyForDeploymentPostprocessing = 0;
		};
/* End PBXSourcesBuildPhase section */

/* Begin PBXVariantGroup section */
		12CC7C4A2448828F00ECE62A /* Main.storyboard */ = {
			isa = PBXVariantGroup;
			children = (
				12CC7C4B2448828F00ECE62A /* Base */,
			);
			name = Main.storyboard;
			sourceTree = "<group>";
		};
		12CC7C4F2448829100ECE62A /* LaunchScreen.storyboard */ = {
			isa = PBXVariantGroup;
			children = (
				12CC7C502448829100ECE62A /* Base */,
			);
			name = LaunchScreen.storyboard;
			sourceTree = "<group>";
		};
/* End PBXVariantGroup section */

/* Begin XCBuildConfiguration section */
		12CC7C532448829100ECE62A /* Debug */ = {
			isa = XCBuildConfiguration;
			buildSettings = {
				ALWAYS_SEARCH_USER_PATHS = NO;
				CLANG_ANALYZER_NONNULL = YES;
				CLANG_ANALYZER_NUMBER_OBJECT_CONVERSION = YES_AGGRESSIVE;
				CLANG_CXX_LANGUAGE_STANDARD = "gnu++14";
				CLANG_CXX_LIBRARY = "libc++";
				CLANG_ENABLE_MODULES = YES;
				CLANG_ENABLE_OBJC_ARC = YES;
				CLANG_ENABLE_OBJC_WEAK = YES;
				CLANG_WARN_BLOCK_CAPTURE_AUTORELEASING = YES;
				CLANG_WARN_BOOL_CONVERSION = YES;
				CLANG_WARN_COMMA = YES;
				CLANG_WARN_CONSTANT_CONVERSION = YES;
				CLANG_WARN_DEPRECATED_OBJC_IMPLEMENTATIONS = YES;
				CLANG_WARN_DIRECT_OBJC_ISA_USAGE = YES_ERROR;
				CLANG_WARN_DOCUMENTATION_COMMENTS = YES;
				CLANG_WARN_EMPTY_BODY = YES;
				CLANG_WARN_ENUM_CONVERSION = YES;
				CLANG_WARN_INFINITE_RECURSION = YES;
				CLANG_WARN_INT_CONVERSION = YES;
				CLANG_WARN_NON_LITERAL_NULL_CONVERSION = YES;
				CLANG_WARN_OBJC_IMPLICIT_RETAIN_SELF = YES;
				CLANG_WARN_OBJC_LITERAL_CONVERSION = YES;
				CLANG_WARN_OBJC_ROOT_CLASS = YES_ERROR;
				CLANG_WARN_RANGE_LOOP_ANALYSIS = YES;
				CLANG_WARN_STRICT_PROTOTYPES = YES;
				CLANG_WARN_SUSPICIOUS_MOVE = YES;
				CLANG_WARN_UNGUARDED_AVAILABILITY = YES_AGGRESSIVE;
				CLANG_WARN_UNREACHABLE_CODE = YES;
				CLANG_WARN__DUPLICATE_METHOD_MATCH = YES;
				COPY_PHASE_STRIP = NO;
				DEBUG_INFORMATION_FORMAT = dwarf;
				ENABLE_STRICT_OBJC_MSGSEND = YES;
				ENABLE_TESTABILITY = YES;
				GCC_C_LANGUAGE_STANDARD = gnu11;
				GCC_DYNAMIC_NO_PIC = NO;
				GCC_NO_COMMON_BLOCKS = YES;
				GCC_OPTIMIZATION_LEVEL = 0;
				GCC_PREPROCESSOR_DEFINITIONS = (
					"DEBUG=1",
					"$(inherited)",
				);
				GCC_WARN_64_TO_32_BIT_CONVERSION = YES;
				GCC_WARN_ABOUT_RETURN_TYPE = YES_ERROR;
				GCC_WARN_UNDECLARED_SELECTOR = YES;
				GCC_WARN_UNINITIALIZED_AUTOS = YES_AGGRESSIVE;
				GCC_WARN_UNUSED_FUNCTION = YES;
				GCC_WARN_UNUSED_VARIABLE = YES;
				IPHONEOS_DEPLOYMENT_TARGET = 11.0;
				MTL_ENABLE_DEBUG_INFO = INCLUDE_SOURCE;
				MTL_FAST_MATH = YES;
				ONLY_ACTIVE_ARCH = YES;
				SDKROOT = iphoneos;
				SWIFT_ACTIVE_COMPILATION_CONDITIONS = DEBUG;
				SWIFT_OPTIMIZATION_LEVEL = "-Onone";
			};
			name = Debug;
		};
		12CC7C542448829100ECE62A /* Release */ = {
			isa = XCBuildConfiguration;
			buildSettings = {
				ALWAYS_SEARCH_USER_PATHS = NO;
				CLANG_ANALYZER_NONNULL = YES;
				CLANG_ANALYZER_NUMBER_OBJECT_CONVERSION = YES_AGGRESSIVE;
				CLANG_CXX_LANGUAGE_STANDARD = "gnu++14";
				CLANG_CXX_LIBRARY = "libc++";
				CLANG_ENABLE_MODULES = YES;
				CLANG_ENABLE_OBJC_ARC = YES;
				CLANG_ENABLE_OBJC_WEAK = YES;
				CLANG_WARN_BLOCK_CAPTURE_AUTORELEASING = YES;
				CLANG_WARN_BOOL_CONVERSION = YES;
				CLANG_WARN_COMMA = YES;
				CLANG_WARN_CONSTANT_CONVERSION = YES;
				CLANG_WARN_DEPRECATED_OBJC_IMPLEMENTATIONS = YES;
				CLANG_WARN_DIRECT_OBJC_ISA_USAGE = YES_ERROR;
				CLANG_WARN_DOCUMENTATION_COMMENTS = YES;
				CLANG_WARN_EMPTY_BODY = YES;
				CLANG_WARN_ENUM_CONVERSION = YES;
				CLANG_WARN_INFINITE_RECURSION = YES;
				CLANG_WARN_INT_CONVERSION = YES;
				CLANG_WARN_NON_LITERAL_NULL_CONVERSION = YES;
				CLANG_WARN_OBJC_IMPLICIT_RETAIN_SELF = YES;
				CLANG_WARN_OBJC_LITERAL_CONVERSION = YES;
				CLANG_WARN_OBJC_ROOT_CLASS = YES_ERROR;
				CLANG_WARN_RANGE_LOOP_ANALYSIS = YES;
				CLANG_WARN_STRICT_PROTOTYPES = YES;
				CLANG_WARN_SUSPICIOUS_MOVE = YES;
				CLANG_WARN_UNGUARDED_AVAILABILITY = YES_AGGRESSIVE;
				CLANG_WARN_UNREACHABLE_CODE = YES;
				CLANG_WARN__DUPLICATE_METHOD_MATCH = YES;
				COPY_PHASE_STRIP = NO;
				DEBUG_INFORMATION_FORMAT = "dwarf-with-dsym";
				ENABLE_NS_ASSERTIONS = NO;
				ENABLE_STRICT_OBJC_MSGSEND = YES;
				GCC_C_LANGUAGE_STANDARD = gnu11;
				GCC_NO_COMMON_BLOCKS = YES;
				GCC_WARN_64_TO_32_BIT_CONVERSION = YES;
				GCC_WARN_ABOUT_RETURN_TYPE = YES_ERROR;
				GCC_WARN_UNDECLARED_SELECTOR = YES;
				GCC_WARN_UNINITIALIZED_AUTOS = YES_AGGRESSIVE;
				GCC_WARN_UNUSED_FUNCTION = YES;
				GCC_WARN_UNUSED_VARIABLE = YES;
				IPHONEOS_DEPLOYMENT_TARGET = 11.0;
				MTL_ENABLE_DEBUG_INFO = NO;
				MTL_FAST_MATH = YES;
				SDKROOT = iphoneos;
				SWIFT_COMPILATION_MODE = wholemodule;
				SWIFT_OPTIMIZATION_LEVEL = "-O";
				VALIDATE_PRODUCT = YES;
			};
			name = Release;
		};
		12CC7C562448829100ECE62A /* Debug */ = {
			isa = XCBuildConfiguration;
			baseConfigurationReference = 5AA20A09AD72E3944A378D46 /* Pods-time-board.debug.xcconfig */;
			buildSettings = {
				ASSETCATALOG_COMPILER_APPICON_NAME = AppIcon;
				CODE_SIGN_STYLE = Automatic;
				CURRENT_PROJECT_VERSION = 1.0.1;
				DEVELOPMENT_TEAM = GY259TWT8G;
				INFOPLIST_FILE = "time-board/Info.plist";
				IPHONEOS_DEPLOYMENT_TARGET = 11.0;
				LD_RUNPATH_SEARCH_PATHS = (
					"$(inherited)",
					"@executable_path/Frameworks",
				);
				MARKETING_VERSION = 1;
				PRODUCT_BUNDLE_IDENTIFIER = "Tianid.time-board";
				PRODUCT_NAME = TimeBoard;
				SWIFT_VERSION = 5.0;
				TARGETED_DEVICE_FAMILY = 1;
			};
			name = Debug;
		};
		12CC7C572448829100ECE62A /* Release */ = {
			isa = XCBuildConfiguration;
			baseConfigurationReference = E53A4581D0308429A0945C6C /* Pods-time-board.release.xcconfig */;
			buildSettings = {
				ASSETCATALOG_COMPILER_APPICON_NAME = AppIcon;
				CODE_SIGN_STYLE = Automatic;
				CURRENT_PROJECT_VERSION = 1.0.1;
				DEVELOPMENT_TEAM = GY259TWT8G;
				INFOPLIST_FILE = "time-board/Info.plist";
				IPHONEOS_DEPLOYMENT_TARGET = 11.0;
				LD_RUNPATH_SEARCH_PATHS = (
					"$(inherited)",
					"@executable_path/Frameworks",
				);
				MARKETING_VERSION = 1;
				PRODUCT_BUNDLE_IDENTIFIER = "Tianid.time-board";
				PRODUCT_NAME = TimeBoard;
				SWIFT_VERSION = 5.0;
				TARGETED_DEVICE_FAMILY = 1;
			};
			name = Release;
		};
/* End XCBuildConfiguration section */

/* Begin XCConfigurationList section */
		12CC7C3C2448828F00ECE62A /* Build configuration list for PBXProject "time-board" */ = {
			isa = XCConfigurationList;
			buildConfigurations = (
				12CC7C532448829100ECE62A /* Debug */,
				12CC7C542448829100ECE62A /* Release */,
			);
			defaultConfigurationIsVisible = 0;
			defaultConfigurationName = Release;
		};
		12CC7C552448829100ECE62A /* Build configuration list for PBXNativeTarget "time-board" */ = {
			isa = XCConfigurationList;
			buildConfigurations = (
				12CC7C562448829100ECE62A /* Debug */,
				12CC7C572448829100ECE62A /* Release */,
			);
			defaultConfigurationIsVisible = 0;
			defaultConfigurationName = Release;
		};
/* End XCConfigurationList section */
	};
	rootObject = 12CC7C392448828F00ECE62A /* Project object */;
}
