// !$*UTF8*$!
{
	archiveVersion = 1;
	classes = {
	};
	objectVersion = 51;
	objects = {

/* Begin PBXBuildFile section */
		1204A433245C691F00CE4909 /* ProfileViewController.swift in Sources */ = {isa = PBXBuildFile; fileRef = 1204A432245C691F00CE4909 /* ProfileViewController.swift */; };
		1204A435245C692B00CE4909 /* ProjectsViewController.swift in Sources */ = {isa = PBXBuildFile; fileRef = 1204A434245C692B00CE4909 /* ProjectsViewController.swift */; };
		1204A437245C695000CE4909 /* IsshuesViewController.swift in Sources */ = {isa = PBXBuildFile; fileRef = 1204A436245C695000CE4909 /* IsshuesViewController.swift */; };
		1204A439245C695A00CE4909 /* NotificationsViewController.swift in Sources */ = {isa = PBXBuildFile; fileRef = 1204A438245C695A00CE4909 /* NotificationsViewController.swift */; };
		1204A43B245C6FFC00CE4909 /* TabBarViewController.swift in Sources */ = {isa = PBXBuildFile; fileRef = 1204A43A245C6FFC00CE4909 /* TabBarViewController.swift */; };
		12141AD4246C37A8001290AF /* AppInfo.swift in Sources */ = {isa = PBXBuildFile; fileRef = 12141AD3246C37A8001290AF /* AppInfo.swift */; };
		12141AD6246C3DDF001290AF /* Notification+names.swift in Sources */ = {isa = PBXBuildFile; fileRef = 12141AD5246C3DDF001290AF /* Notification+names.swift */; };
		12201A44246179F4002D2E9A /* NetworkManager.swift in Sources */ = {isa = PBXBuildFile; fileRef = 12201A43246179F4002D2E9A /* NetworkManager.swift */; };
		122FB1BF24608AEE005A5346 /* ProfileViewControllerProtocol.swift in Sources */ = {isa = PBXBuildFile; fileRef = 122FB1BE24608AEE005A5346 /* ProfileViewControllerProtocol.swift */; };
		122FB1C124608B02005A5346 /* ProfilePresenterProtocol.swift in Sources */ = {isa = PBXBuildFile; fileRef = 122FB1C024608B02005A5346 /* ProfilePresenterProtocol.swift */; };
		122FB1C324608B0C005A5346 /* ProfilePresenter.swift in Sources */ = {isa = PBXBuildFile; fileRef = 122FB1C224608B0C005A5346 /* ProfilePresenter.swift */; };
		123FA5DD24488B7C0092E931 /* ASAccount.swift in Sources */ = {isa = PBXBuildFile; fileRef = 123FA5DC24488B7C0092E931 /* ASAccount.swift */; };
		123FA5DF2448945F0092E931 /* ASProjectSchema.swift in Sources */ = {isa = PBXBuildFile; fileRef = 123FA5DE2448945F0092E931 /* ASProjectSchema.swift */; };
		123FA5E12448972D0092E931 /* ASTask.swift in Sources */ = {isa = PBXBuildFile; fileRef = 123FA5E02448972D0092E931 /* ASTask.swift */; };
		123FA5E324489EC80092E931 /* ASGroupTask.swift in Sources */ = {isa = PBXBuildFile; fileRef = 123FA5E224489EC80092E931 /* ASGroupTask.swift */; };
		123FA5E524489FEE0092E931 /* ASTaskAttachment.swift in Sources */ = {isa = PBXBuildFile; fileRef = 123FA5E424489FEE0092E931 /* ASTaskAttachment.swift */; };
		123FA5E72448A4FE0092E931 /* PSGroupTask.swift in Sources */ = {isa = PBXBuildFile; fileRef = 123FA5E62448A4FE0092E931 /* PSGroupTask.swift */; };
		123FA5E92448A5930092E931 /* PSRole.swift in Sources */ = {isa = PBXBuildFile; fileRef = 123FA5E82448A5930092E931 /* PSRole.swift */; };
		123FA5EB2448A7230092E931 /* PSStep.swift in Sources */ = {isa = PBXBuildFile; fileRef = 123FA5EA2448A7230092E931 /* PSStep.swift */; };
		123FA5ED2448A83F0092E931 /* PSProjectDashBoard.swift in Sources */ = {isa = PBXBuildFile; fileRef = 123FA5EC2448A83F0092E931 /* PSProjectDashBoard.swift */; };
		123FA5EF2448A9C80092E931 /* PSTask.swift in Sources */ = {isa = PBXBuildFile; fileRef = 123FA5EE2448A9C80092E931 /* PSTask.swift */; };
		123FA5F12448B3C10092E931 /* PSProjectUser.swift in Sources */ = {isa = PBXBuildFile; fileRef = 123FA5F02448B3C10092E931 /* PSProjectUser.swift */; };
		1247E4742464316F00765287 /* UIView+anchorConstraints.swift in Sources */ = {isa = PBXBuildFile; fileRef = 1247E4732464316F00765287 /* UIView+anchorConstraints.swift */; };
		1247E476246431DC00765287 /* UIViewController+toast.swift in Sources */ = {isa = PBXBuildFile; fileRef = 1247E475246431DC00765287 /* UIViewController+toast.swift */; };
		1247E47924643D6000765287 /* ProfileView.swift in Sources */ = {isa = PBXBuildFile; fileRef = 1247E47824643D6000765287 /* ProfileView.swift */; };
		12537749246AC30D00460A48 /* Constants.swift in Sources */ = {isa = PBXBuildFile; fileRef = 12537748246AC30D00460A48 /* Constants.swift */; };
		1253774B246AE3B400460A48 /* EventMessages.swift in Sources */ = {isa = PBXBuildFile; fileRef = 1253774A246AE3B400460A48 /* EventMessages.swift */; };
		125864F02448B957002A63F7 /* PSComment.swift in Sources */ = {isa = PBXBuildFile; fileRef = 125864EF2448B957002A63F7 /* PSComment.swift */; };
		125864F22448BB05002A63F7 /* PSTaskAttachment.swift in Sources */ = {isa = PBXBuildFile; fileRef = 125864F12448BB05002A63F7 /* PSTaskAttachment.swift */; };
		125864F42448BC51002A63F7 /* PSCommit.swift in Sources */ = {isa = PBXBuildFile; fileRef = 125864F32448BC51002A63F7 /* PSCommit.swift */; };
		125ACABA246C636F00C4365C /* CustomLogFormater.swift in Sources */ = {isa = PBXBuildFile; fileRef = 125ACAB9246C636F00C4365C /* CustomLogFormater.swift */; };
		125ACABD246C6B1300C4365C /* LogWrappers.swift in Sources */ = {isa = PBXBuildFile; fileRef = 125ACABC246C6B1300C4365C /* LogWrappers.swift */; };
		125C46BE2473FB8100C09D5D /* Settings.swift in Sources */ = {isa = PBXBuildFile; fileRef = 125C46BD2473FB8100C09D5D /* Settings.swift */; };
		125C46C024740DE600C09D5D /* StringOptional+Utils.swift in Sources */ = {isa = PBXBuildFile; fileRef = 125C46BF24740DE600C09D5D /* StringOptional+Utils.swift */; };
		125C46C22474132900C09D5D /* TBTextField.swift in Sources */ = {isa = PBXBuildFile; fileRef = 125C46C12474132900C09D5D /* TBTextField.swift */; };
		1295525E247436C90059C8B1 /* LoginView.swift in Sources */ = {isa = PBXBuildFile; fileRef = 1295525D247436C90059C8B1 /* LoginView.swift */; };
		1295526024743A2E0059C8B1 /* LoginViewController.swift in Sources */ = {isa = PBXBuildFile; fileRef = 1295525F24743A2E0059C8B1 /* LoginViewController.swift */; };
		12C9D384246314F70063B639 /* Observable.swift in Sources */ = {isa = PBXBuildFile; fileRef = 12C9D383246314F70063B639 /* Observable.swift */; };
		12CC7C452448828F00ECE62A /* AppDelegate.swift in Sources */ = {isa = PBXBuildFile; fileRef = 12CC7C442448828F00ECE62A /* AppDelegate.swift */; };
		12CC7C492448828F00ECE62A /* ViewController.swift in Sources */ = {isa = PBXBuildFile; fileRef = 12CC7C482448828F00ECE62A /* ViewController.swift */; };
		12CC7C4C2448828F00ECE62A /* Main.storyboard in Resources */ = {isa = PBXBuildFile; fileRef = 12CC7C4A2448828F00ECE62A /* Main.storyboard */; };
		12CC7C4E2448829100ECE62A /* Assets.xcassets in Resources */ = {isa = PBXBuildFile; fileRef = 12CC7C4D2448829100ECE62A /* Assets.xcassets */; };
		12CC7C512448829100ECE62A /* LaunchScreen.storyboard in Resources */ = {isa = PBXBuildFile; fileRef = 12CC7C4F2448829100ECE62A /* LaunchScreen.storyboard */; };
		8E32898AA1E1943715556728 /* Pods_time_board.framework in Frameworks */ = {isa = PBXBuildFile; fileRef = AB27A6ED6E717ABBDB1DB747 /* Pods_time_board.framework */; };
/* End PBXBuildFile section */

/* Begin PBXFileReference section */
		1204A432245C691F00CE4909 /* ProfileViewController.swift */ = {isa = PBXFileReference; lastKnownFileType = sourcecode.swift; path = ProfileViewController.swift; sourceTree = "<group>"; };
		1204A434245C692B00CE4909 /* ProjectsViewController.swift */ = {isa = PBXFileReference; lastKnownFileType = sourcecode.swift; path = ProjectsViewController.swift; sourceTree = "<group>"; };
		1204A436245C695000CE4909 /* IsshuesViewController.swift */ = {isa = PBXFileReference; lastKnownFileType = sourcecode.swift; path = IsshuesViewController.swift; sourceTree = "<group>"; };
		1204A438245C695A00CE4909 /* NotificationsViewController.swift */ = {isa = PBXFileReference; lastKnownFileType = sourcecode.swift; path = NotificationsViewController.swift; sourceTree = "<group>"; };
		1204A43A245C6FFC00CE4909 /* TabBarViewController.swift */ = {isa = PBXFileReference; lastKnownFileType = sourcecode.swift; path = TabBarViewController.swift; sourceTree = "<group>"; };
		12141AD3246C37A8001290AF /* AppInfo.swift */ = {isa = PBXFileReference; lastKnownFileType = sourcecode.swift; path = AppInfo.swift; sourceTree = "<group>"; };
		12141AD5246C3DDF001290AF /* Notification+names.swift */ = {isa = PBXFileReference; lastKnownFileType = sourcecode.swift; path = "Notification+names.swift"; sourceTree = "<group>"; };
		12201A43246179F4002D2E9A /* NetworkManager.swift */ = {isa = PBXFileReference; lastKnownFileType = sourcecode.swift; path = NetworkManager.swift; sourceTree = "<group>"; };
		122FB1BE24608AEE005A5346 /* ProfileViewControllerProtocol.swift */ = {isa = PBXFileReference; lastKnownFileType = sourcecode.swift; path = ProfileViewControllerProtocol.swift; sourceTree = "<group>"; };
		122FB1C024608B02005A5346 /* ProfilePresenterProtocol.swift */ = {isa = PBXFileReference; lastKnownFileType = sourcecode.swift; path = ProfilePresenterProtocol.swift; sourceTree = "<group>"; };
		122FB1C224608B0C005A5346 /* ProfilePresenter.swift */ = {isa = PBXFileReference; lastKnownFileType = sourcecode.swift; path = ProfilePresenter.swift; sourceTree = "<group>"; };
		123FA5DC24488B7C0092E931 /* ASAccount.swift */ = {isa = PBXFileReference; lastKnownFileType = sourcecode.swift; path = ASAccount.swift; sourceTree = "<group>"; };
		123FA5DE2448945F0092E931 /* ASProjectSchema.swift */ = {isa = PBXFileReference; lastKnownFileType = sourcecode.swift; path = ASProjectSchema.swift; sourceTree = "<group>"; };
		123FA5E02448972D0092E931 /* ASTask.swift */ = {isa = PBXFileReference; lastKnownFileType = sourcecode.swift; path = ASTask.swift; sourceTree = "<group>"; };
		123FA5E224489EC80092E931 /* ASGroupTask.swift */ = {isa = PBXFileReference; lastKnownFileType = sourcecode.swift; path = ASGroupTask.swift; sourceTree = "<group>"; };
		123FA5E424489FEE0092E931 /* ASTaskAttachment.swift */ = {isa = PBXFileReference; lastKnownFileType = sourcecode.swift; path = ASTaskAttachment.swift; sourceTree = "<group>"; };
		123FA5E62448A4FE0092E931 /* PSGroupTask.swift */ = {isa = PBXFileReference; lastKnownFileType = sourcecode.swift; path = PSGroupTask.swift; sourceTree = "<group>"; };
		123FA5E82448A5930092E931 /* PSRole.swift */ = {isa = PBXFileReference; lastKnownFileType = sourcecode.swift; path = PSRole.swift; sourceTree = "<group>"; };
		123FA5EA2448A7230092E931 /* PSStep.swift */ = {isa = PBXFileReference; lastKnownFileType = sourcecode.swift; path = PSStep.swift; sourceTree = "<group>"; };
		123FA5EC2448A83F0092E931 /* PSProjectDashBoard.swift */ = {isa = PBXFileReference; lastKnownFileType = sourcecode.swift; path = PSProjectDashBoard.swift; sourceTree = "<group>"; };
		123FA5EE2448A9C80092E931 /* PSTask.swift */ = {isa = PBXFileReference; lastKnownFileType = sourcecode.swift; path = PSTask.swift; sourceTree = "<group>"; };
		123FA5F02448B3C10092E931 /* PSProjectUser.swift */ = {isa = PBXFileReference; lastKnownFileType = sourcecode.swift; path = PSProjectUser.swift; sourceTree = "<group>"; };
		1247E4732464316F00765287 /* UIView+anchorConstraints.swift */ = {isa = PBXFileReference; lastKnownFileType = sourcecode.swift; path = "UIView+anchorConstraints.swift"; sourceTree = "<group>"; };
		1247E475246431DC00765287 /* UIViewController+toast.swift */ = {isa = PBXFileReference; lastKnownFileType = sourcecode.swift; path = "UIViewController+toast.swift"; sourceTree = "<group>"; };
		1247E47824643D6000765287 /* ProfileView.swift */ = {isa = PBXFileReference; lastKnownFileType = sourcecode.swift; path = ProfileView.swift; sourceTree = "<group>"; };
		12537748246AC30D00460A48 /* Constants.swift */ = {isa = PBXFileReference; lastKnownFileType = sourcecode.swift; path = Constants.swift; sourceTree = "<group>"; };
		1253774A246AE3B400460A48 /* EventMessages.swift */ = {isa = PBXFileReference; lastKnownFileType = sourcecode.swift; path = EventMessages.swift; sourceTree = "<group>"; };
		125864EF2448B957002A63F7 /* PSComment.swift */ = {isa = PBXFileReference; lastKnownFileType = sourcecode.swift; path = PSComment.swift; sourceTree = "<group>"; };
		125864F12448BB05002A63F7 /* PSTaskAttachment.swift */ = {isa = PBXFileReference; lastKnownFileType = sourcecode.swift; path = PSTaskAttachment.swift; sourceTree = "<group>"; };
		125864F32448BC51002A63F7 /* PSCommit.swift */ = {isa = PBXFileReference; lastKnownFileType = sourcecode.swift; path = PSCommit.swift; sourceTree = "<group>"; };
		125ACAB9246C636F00C4365C /* CustomLogFormater.swift */ = {isa = PBXFileReference; lastKnownFileType = sourcecode.swift; path = CustomLogFormater.swift; sourceTree = "<group>"; };
		125ACABC246C6B1300C4365C /* LogWrappers.swift */ = {isa = PBXFileReference; lastKnownFileType = sourcecode.swift; path = LogWrappers.swift; sourceTree = "<group>"; };
		125C46BD2473FB8100C09D5D /* Settings.swift */ = {isa = PBXFileReference; lastKnownFileType = sourcecode.swift; path = Settings.swift; sourceTree = "<group>"; };
		125C46BF24740DE600C09D5D /* StringOptional+Utils.swift */ = {isa = PBXFileReference; lastKnownFileType = sourcecode.swift; path = "StringOptional+Utils.swift"; sourceTree = "<group>"; };
		125C46C12474132900C09D5D /* TBTextField.swift */ = {isa = PBXFileReference; lastKnownFileType = sourcecode.swift; path = TBTextField.swift; sourceTree = "<group>"; };
		1295525D247436C90059C8B1 /* LoginView.swift */ = {isa = PBXFileReference; lastKnownFileType = sourcecode.swift; path = LoginView.swift; sourceTree = "<group>"; };
		1295525F24743A2E0059C8B1 /* LoginViewController.swift */ = {isa = PBXFileReference; lastKnownFileType = sourcecode.swift; path = LoginViewController.swift; sourceTree = "<group>"; };
		12C9D383246314F70063B639 /* Observable.swift */ = {isa = PBXFileReference; lastKnownFileType = sourcecode.swift; path = Observable.swift; sourceTree = "<group>"; };
		12CC7C412448828F00ECE62A /* TimeBoard.app */ = {isa = PBXFileReference; explicitFileType = wrapper.application; includeInIndex = 0; path = TimeBoard.app; sourceTree = BUILT_PRODUCTS_DIR; };
		12CC7C442448828F00ECE62A /* AppDelegate.swift */ = {isa = PBXFileReference; lastKnownFileType = sourcecode.swift; path = AppDelegate.swift; sourceTree = "<group>"; };
		12CC7C482448828F00ECE62A /* ViewController.swift */ = {isa = PBXFileReference; lastKnownFileType = sourcecode.swift; path = ViewController.swift; sourceTree = "<group>"; };
		12CC7C4B2448828F00ECE62A /* Base */ = {isa = PBXFileReference; lastKnownFileType = file.storyboard; name = Base; path = Base.lproj/Main.storyboard; sourceTree = "<group>"; };
		12CC7C4D2448829100ECE62A /* Assets.xcassets */ = {isa = PBXFileReference; lastKnownFileType = folder.assetcatalog; path = Assets.xcassets; sourceTree = "<group>"; };
		12CC7C502448829100ECE62A /* Base */ = {isa = PBXFileReference; lastKnownFileType = file.storyboard; name = Base; path = Base.lproj/LaunchScreen.storyboard; sourceTree = "<group>"; };
		12CC7C522448829100ECE62A /* Info.plist */ = {isa = PBXFileReference; lastKnownFileType = text.plist.xml; path = Info.plist; sourceTree = "<group>"; };
		5AA20A09AD72E3944A378D46 /* Pods-time-board.debug.xcconfig */ = {isa = PBXFileReference; includeInIndex = 1; lastKnownFileType = text.xcconfig; name = "Pods-time-board.debug.xcconfig"; path = "Target Support Files/Pods-time-board/Pods-time-board.debug.xcconfig"; sourceTree = "<group>"; };
		AB27A6ED6E717ABBDB1DB747 /* Pods_time_board.framework */ = {isa = PBXFileReference; explicitFileType = wrapper.framework; includeInIndex = 0; path = Pods_time_board.framework; sourceTree = BUILT_PRODUCTS_DIR; };
		E53A4581D0308429A0945C6C /* Pods-time-board.release.xcconfig */ = {isa = PBXFileReference; includeInIndex = 1; lastKnownFileType = text.xcconfig; name = "Pods-time-board.release.xcconfig"; path = "Target Support Files/Pods-time-board/Pods-time-board.release.xcconfig"; sourceTree = "<group>"; };
/* End PBXFileReference section */

/* Begin PBXFrameworksBuildPhase section */
		12CC7C3E2448828F00ECE62A /* Frameworks */ = {
			isa = PBXFrameworksBuildPhase;
			buildActionMask = 2147483647;
			files = (
				8E32898AA1E1943715556728 /* Pods_time_board.framework in Frameworks */,
			);
			runOnlyForDeploymentPostprocessing = 0;
		};
/* End PBXFrameworksBuildPhase section */

/* Begin PBXGroup section */
		1204A431245C690C00CE4909 /* ViewControllersForTabBar */ = {
			isa = PBXGroup;
			children = (
				1204A432245C691F00CE4909 /* ProfileViewController.swift */,
				1204A434245C692B00CE4909 /* ProjectsViewController.swift */,
				1204A436245C695000CE4909 /* IsshuesViewController.swift */,
				1204A438245C695A00CE4909 /* NotificationsViewController.swift */,
				1204A43A245C6FFC00CE4909 /* TabBarViewController.swift */,
				1295525F24743A2E0059C8B1 /* LoginViewController.swift */,
			);
			path = ViewControllersForTabBar;
			sourceTree = "<group>";
		};
		12201A42246179E7002D2E9A /* Network */ = {
			isa = PBXGroup;
			children = (
				12201A43246179F4002D2E9A /* NetworkManager.swift */,
			);
			path = Network;
			sourceTree = "<group>";
		};
		122FB1BC24607905005A5346 /* Protocols */ = {
			isa = PBXGroup;
			children = (
				122FB1BE24608AEE005A5346 /* ProfileViewControllerProtocol.swift */,
				122FB1C024608B02005A5346 /* ProfilePresenterProtocol.swift */,
			);
			path = Protocols;
			sourceTree = "<group>";
		};
		122FB1BD24607924005A5346 /* Presenters */ = {
			isa = PBXGroup;
			children = (
				122FB1C224608B0C005A5346 /* ProfilePresenter.swift */,
			);
			path = Presenters;
			sourceTree = "<group>";
		};
		123FA5D9244886E40092E931 /* Domen models */ = {
			isa = PBXGroup;
			children = (
				123FA5DB244887290092E931 /* AccountSchema */,
				123FA5DA2448871A0092E931 /* ProjectSchema */,
			);
			path = "Domen models";
			sourceTree = "<group>";
		};
		123FA5DA2448871A0092E931 /* ProjectSchema */ = {
			isa = PBXGroup;
			children = (
				123FA5E62448A4FE0092E931 /* PSGroupTask.swift */,
				123FA5E82448A5930092E931 /* PSRole.swift */,
				123FA5EA2448A7230092E931 /* PSStep.swift */,
				123FA5EC2448A83F0092E931 /* PSProjectDashBoard.swift */,
				123FA5EE2448A9C80092E931 /* PSTask.swift */,
				123FA5F02448B3C10092E931 /* PSProjectUser.swift */,
				125864EF2448B957002A63F7 /* PSComment.swift */,
				125864F12448BB05002A63F7 /* PSTaskAttachment.swift */,
				125864F32448BC51002A63F7 /* PSCommit.swift */,
			);
			path = ProjectSchema;
			sourceTree = "<group>";
		};
		123FA5DB244887290092E931 /* AccountSchema */ = {
			isa = PBXGroup;
			children = (
				123FA5DC24488B7C0092E931 /* ASAccount.swift */,
				123FA5DE2448945F0092E931 /* ASProjectSchema.swift */,
				123FA5E02448972D0092E931 /* ASTask.swift */,
				123FA5E224489EC80092E931 /* ASGroupTask.swift */,
				123FA5E424489FEE0092E931 /* ASTaskAttachment.swift */,
			);
			path = AccountSchema;
			sourceTree = "<group>";
		};
		1247E472246430DA00765287 /* Extensions */ = {
			isa = PBXGroup;
			children = (
				1247E4732464316F00765287 /* UIView+anchorConstraints.swift */,
				1247E475246431DC00765287 /* UIViewController+toast.swift */,
				12141AD5246C3DDF001290AF /* Notification+names.swift */,
				125C46BF24740DE600C09D5D /* StringOptional+Utils.swift */,
			);
			path = Extensions;
			sourceTree = "<group>";
		};
		1247E47724643D5500765287 /* Views */ = {
			isa = PBXGroup;
			children = (
				1247E47824643D6000765287 /* ProfileView.swift */,
				125C46C12474132900C09D5D /* TBTextField.swift */,
				1295525D247436C90059C8B1 /* LoginView.swift */,
			);
			path = Views;
			sourceTree = "<group>";
		};
		12C9D3852463159D0063B639 /* Support */ = {
			isa = PBXGroup;
			children = (
				12D885FA246C8D1400B8E1EB /* Logs */,
				12201A42246179E7002D2E9A /* Network */,
				12C9D383246314F70063B639 /* Observable.swift */,
				12537748246AC30D00460A48 /* Constants.swift */,
				1253774A246AE3B400460A48 /* EventMessages.swift */,
				12141AD3246C37A8001290AF /* AppInfo.swift */,
				125C46BD2473FB8100C09D5D /* Settings.swift */,
			);
			path = Support;
			sourceTree = "<group>";
		};
		12CC7C382448828F00ECE62A = {
			isa = PBXGroup;
			children = (
				12CC7C432448828F00ECE62A /* time-board */,
				12CC7C422448828F00ECE62A /* Products */,
				F88C055FC6841EFCF954FC6D /* Pods */,
				27FBA1F44878F8C641AB66C2 /* Frameworks */,
			);
			sourceTree = "<group>";
		};
		12CC7C422448828F00ECE62A /* Products */ = {
			isa = PBXGroup;
			children = (
				12CC7C412448828F00ECE62A /* TimeBoard.app */,
			);
			name = Products;
			sourceTree = "<group>";
		};
		12CC7C432448828F00ECE62A /* time-board */ = {
			isa = PBXGroup;
			children = (
				1247E47724643D5500765287 /* Views */,
				1247E472246430DA00765287 /* Extensions */,
				12C9D3852463159D0063B639 /* Support */,
				122FB1BD24607924005A5346 /* Presenters */,
				122FB1BC24607905005A5346 /* Protocols */,
				1204A431245C690C00CE4909 /* ViewControllersForTabBar */,
				12CC7C442448828F00ECE62A /* AppDelegate.swift */,
				12CC7C482448828F00ECE62A /* ViewController.swift */,
				123FA5D9244886E40092E931 /* Domen models */,
				12CC7C4A2448828F00ECE62A /* Main.storyboard */,
				12CC7C4D2448829100ECE62A /* Assets.xcassets */,
				12CC7C4F2448829100ECE62A /* LaunchScreen.storyboard */,
				12CC7C522448829100ECE62A /* Info.plist */,
			);
			path = "time-board";
			sourceTree = "<group>";
		};
		12D885FA246C8D1400B8E1EB /* Logs */ = {
			isa = PBXGroup;
			children = (
				125ACAB9246C636F00C4365C /* CustomLogFormater.swift */,
				125ACABC246C6B1300C4365C /* LogWrappers.swift */,
			);
			path = Logs;
			sourceTree = "<group>";
		};
		27FBA1F44878F8C641AB66C2 /* Frameworks */ = {
			isa = PBXGroup;
			children = (
				AB27A6ED6E717ABBDB1DB747 /* Pods_time_board.framework */,
			);
			name = Frameworks;
			sourceTree = "<group>";
		};
		F88C055FC6841EFCF954FC6D /* Pods */ = {
			isa = PBXGroup;
			children = (
				5AA20A09AD72E3944A378D46 /* Pods-time-board.debug.xcconfig */,
				E53A4581D0308429A0945C6C /* Pods-time-board.release.xcconfig */,
			);
			path = Pods;
			sourceTree = "<group>";
		};
/* End PBXGroup section */

/* Begin PBXNativeTarget section */
		12CC7C402448828F00ECE62A /* time-board */ = {
			isa = PBXNativeTarget;
			buildConfigurationList = 12CC7C552448829100ECE62A /* Build configuration list for PBXNativeTarget "time-board" */;
			buildPhases = (
				3FD292691DB7B07308787BB0 /* [CP] Check Pods Manifest.lock */,
				12CC7C3D2448828F00ECE62A /* Sources */,
				12CC7C3E2448828F00ECE62A /* Frameworks */,
				12CC7C3F2448828F00ECE62A /* Resources */,
				5AE66AAE16C924E5607811A0 /* [CP] Embed Pods Frameworks */,
			);
			buildRules = (
			);
			dependencies = (
			);
			name = "time-board";
			productName = "time-board";
			productReference = 12CC7C412448828F00ECE62A /* TimeBoard.app */;
			productType = "com.apple.product-type.application";
		};
/* End PBXNativeTarget section */

/* Begin PBXProject section */
		12CC7C392448828F00ECE62A /* Project object */ = {
			isa = PBXProject;
			attributes = {
				LastSwiftUpdateCheck = 1140;
				LastUpgradeCheck = 1140;
				ORGANIZATIONNAME = Tianid;
				TargetAttributes = {
					12CC7C402448828F00ECE62A = {
						CreatedOnToolsVersion = 11.4;
					};
				};
			};
			buildConfigurationList = 12CC7C3C2448828F00ECE62A /* Build configuration list for PBXProject "time-board" */;
			compatibilityVersion = "Xcode 9.3";
			developmentRegion = en;
			hasScannedForEncodings = 0;
			knownRegions = (
				en,
				Base,
			);
			mainGroup = 12CC7C382448828F00ECE62A;
			productRefGroup = 12CC7C422448828F00ECE62A /* Products */;
			projectDirPath = "";
			projectRoot = "";
			targets = (
				12CC7C402448828F00ECE62A /* time-board */,
			);
		};
/* End PBXProject section */

/* Begin PBXResourcesBuildPhase section */
		12CC7C3F2448828F00ECE62A /* Resources */ = {
			isa = PBXResourcesBuildPhase;
			buildActionMask = 2147483647;
			files = (
				12CC7C512448829100ECE62A /* LaunchScreen.storyboard in Resources */,
				12CC7C4E2448829100ECE62A /* Assets.xcassets in Resources */,
				12CC7C4C2448828F00ECE62A /* Main.storyboard in Resources */,
			);
			runOnlyForDeploymentPostprocessing = 0;
		};
/* End PBXResourcesBuildPhase section */

/* Begin PBXShellScriptBuildPhase section */
		3FD292691DB7B07308787BB0 /* [CP] Check Pods Manifest.lock */ = {
			isa = PBXShellScriptBuildPhase;
			buildActionMask = 2147483647;
			files = (
			);
			inputFileListPaths = (
			);
			inputPaths = (
				"${PODS_PODFILE_DIR_PATH}/Podfile.lock",
				"${PODS_ROOT}/Manifest.lock",
			);
			name = "[CP] Check Pods Manifest.lock";
			outputFileListPaths = (
			);
			outputPaths = (
				"$(DERIVED_FILE_DIR)/Pods-time-board-checkManifestLockResult.txt",
			);
			runOnlyForDeploymentPostprocessing = 0;
			shellPath = /bin/sh;
			shellScript = "diff \"${PODS_PODFILE_DIR_PATH}/Podfile.lock\" \"${PODS_ROOT}/Manifest.lock\" > /dev/null\nif [ $? != 0 ] ; then\n    # print error to STDERR\n    echo \"error: The sandbox is not in sync with the Podfile.lock. Run 'pod install' or update your CocoaPods installation.\" >&2\n    exit 1\nfi\n# This output is used by Xcode 'outputs' to avoid re-running this script phase.\necho \"SUCCESS\" > \"${SCRIPT_OUTPUT_FILE_0}\"\n";
			showEnvVarsInLog = 0;
		};
		5AE66AAE16C924E5607811A0 /* [CP] Embed Pods Frameworks */ = {
			isa = PBXShellScriptBuildPhase;
			buildActionMask = 2147483647;
			files = (
			);
			inputFileListPaths = (
				"${PODS_ROOT}/Target Support Files/Pods-time-board/Pods-time-board-frameworks-${CONFIGURATION}-input-files.xcfilelist",
			);
			name = "[CP] Embed Pods Frameworks";
			outputFileListPaths = (
				"${PODS_ROOT}/Target Support Files/Pods-time-board/Pods-time-board-frameworks-${CONFIGURATION}-output-files.xcfilelist",
			);
			runOnlyForDeploymentPostprocessing = 0;
			shellPath = /bin/sh;
			shellScript = "\"${PODS_ROOT}/Target Support Files/Pods-time-board/Pods-time-board-frameworks.sh\"\n";
			showEnvVarsInLog = 0;
		};
/* End PBXShellScriptBuildPhase section */

/* Begin PBXSourcesBuildPhase section */
		12CC7C3D2448828F00ECE62A /* Sources */ = {
			isa = PBXSourcesBuildPhase;
			buildActionMask = 2147483647;
			files = (
				1204A437245C695000CE4909 /* IsshuesViewController.swift in Sources */,
				123FA5EB2448A7230092E931 /* PSStep.swift in Sources */,
				125C46BE2473FB8100C09D5D /* Settings.swift in Sources */,
				122FB1C324608B0C005A5346 /* ProfilePresenter.swift in Sources */,
				1253774B246AE3B400460A48 /* EventMessages.swift in Sources */,
				125ACABA246C636F00C4365C /* CustomLogFormater.swift in Sources */,
				123FA5EF2448A9C80092E931 /* PSTask.swift in Sources */,
				122FB1C124608B02005A5346 /* ProfilePresenterProtocol.swift in Sources */,
				123FA5ED2448A83F0092E931 /* PSProjectDashBoard.swift in Sources */,
				125C46C024740DE600C09D5D /* StringOptional+Utils.swift in Sources */,
				1204A43B245C6FFC00CE4909 /* TabBarViewController.swift in Sources */,
				123FA5E324489EC80092E931 /* ASGroupTask.swift in Sources */,
				12537749246AC30D00460A48 /* Constants.swift in Sources */,
				125C46C22474132900C09D5D /* TBTextField.swift in Sources */,
				122FB1BF24608AEE005A5346 /* ProfileViewControllerProtocol.swift in Sources */,
				123FA5DF2448945F0092E931 /* ASProjectSchema.swift in Sources */,
				1247E476246431DC00765287 /* UIViewController+toast.swift in Sources */,
				12141AD6246C3DDF001290AF /* Notification+names.swift in Sources */,
				12141AD4246C37A8001290AF /* AppInfo.swift in Sources */,
				125864F42448BC51002A63F7 /* PSCommit.swift in Sources */,
				125864F22448BB05002A63F7 /* PSTaskAttachment.swift in Sources */,
				12C9D384246314F70063B639 /* Observable.swift in Sources */,
				1204A433245C691F00CE4909 /* ProfileViewController.swift in Sources */,
				125ACABD246C6B1300C4365C /* LogWrappers.swift in Sources */,
				123FA5E524489FEE0092E931 /* ASTaskAttachment.swift in Sources */,
				123FA5E12448972D0092E931 /* ASTask.swift in Sources */,
				123FA5F12448B3C10092E931 /* PSProjectUser.swift in Sources */,
				12CC7C492448828F00ECE62A /* ViewController.swift in Sources */,
				1295526024743A2E0059C8B1 /* LoginViewController.swift in Sources */,
				1204A435245C692B00CE4909 /* ProjectsViewController.swift in Sources */,
				1247E4742464316F00765287 /* UIView+anchorConstraints.swift in Sources */,
				1247E47924643D6000765287 /* ProfileView.swift in Sources */,
				123FA5E92448A5930092E931 /* PSRole.swift in Sources */,
				1204A439245C695A00CE4909 /* NotificationsViewController.swift in Sources */,
				12CC7C452448828F00ECE62A /* AppDelegate.swift in Sources */,
				123FA5DD24488B7C0092E931 /* ASAccount.swift in Sources */,
				12201A44246179F4002D2E9A /* NetworkManager.swift in Sources */,
				1295525E247436C90059C8B1 /* LoginView.swift in Sources */,
				125864F02448B957002A63F7 /* PSComment.swift in Sources */,
				123FA5E72448A4FE0092E931 /* PSGroupTask.swift in Sources */,
			);
			runOnlyForDeploymentPostprocessing = 0;
		};
/* End PBXSourcesBuildPhase section */

/* Begin PBXVariantGroup section */
		12CC7C4A2448828F00ECE62A /* Main.storyboard */ = {
			isa = PBXVariantGroup;
			children = (
				12CC7C4B2448828F00ECE62A /* Base */,
			);
			name = Main.storyboard;
			sourceTree = "<group>";
		};
		12CC7C4F2448829100ECE62A /* LaunchScreen.storyboard */ = {
			isa = PBXVariantGroup;
			children = (
				12CC7C502448829100ECE62A /* Base */,
			);
			name = LaunchScreen.storyboard;
			sourceTree = "<group>";
		};
/* End PBXVariantGroup section */

/* Begin XCBuildConfiguration section */
		12CC7C532448829100ECE62A /* Debug */ = {
			isa = XCBuildConfiguration;
			buildSettings = {
				ALWAYS_SEARCH_USER_PATHS = NO;
				CLANG_ANALYZER_NONNULL = YES;
				CLANG_ANALYZER_NUMBER_OBJECT_CONVERSION = YES_AGGRESSIVE;
				CLANG_CXX_LANGUAGE_STANDARD = "gnu++14";
				CLANG_CXX_LIBRARY = "libc++";
				CLANG_ENABLE_MODULES = YES;
				CLANG_ENABLE_OBJC_ARC = YES;
				CLANG_ENABLE_OBJC_WEAK = YES;
				CLANG_WARN_BLOCK_CAPTURE_AUTORELEASING = YES;
				CLANG_WARN_BOOL_CONVERSION = YES;
				CLANG_WARN_COMMA = YES;
				CLANG_WARN_CONSTANT_CONVERSION = YES;
				CLANG_WARN_DEPRECATED_OBJC_IMPLEMENTATIONS = YES;
				CLANG_WARN_DIRECT_OBJC_ISA_USAGE = YES_ERROR;
				CLANG_WARN_DOCUMENTATION_COMMENTS = YES;
				CLANG_WARN_EMPTY_BODY = YES;
				CLANG_WARN_ENUM_CONVERSION = YES;
				CLANG_WARN_INFINITE_RECURSION = YES;
				CLANG_WARN_INT_CONVERSION = YES;
				CLANG_WARN_NON_LITERAL_NULL_CONVERSION = YES;
				CLANG_WARN_OBJC_IMPLICIT_RETAIN_SELF = YES;
				CLANG_WARN_OBJC_LITERAL_CONVERSION = YES;
				CLANG_WARN_OBJC_ROOT_CLASS = YES_ERROR;
				CLANG_WARN_RANGE_LOOP_ANALYSIS = YES;
				CLANG_WARN_STRICT_PROTOTYPES = YES;
				CLANG_WARN_SUSPICIOUS_MOVE = YES;
				CLANG_WARN_UNGUARDED_AVAILABILITY = YES_AGGRESSIVE;
				CLANG_WARN_UNREACHABLE_CODE = YES;
				CLANG_WARN__DUPLICATE_METHOD_MATCH = YES;
				COPY_PHASE_STRIP = NO;
				DEBUG_INFORMATION_FORMAT = dwarf;
				ENABLE_STRICT_OBJC_MSGSEND = YES;
				ENABLE_TESTABILITY = YES;
				GCC_C_LANGUAGE_STANDARD = gnu11;
				GCC_DYNAMIC_NO_PIC = NO;
				GCC_NO_COMMON_BLOCKS = YES;
				GCC_OPTIMIZATION_LEVEL = 0;
				GCC_PREPROCESSOR_DEFINITIONS = (
					"DEBUG=1",
					"$(inherited)",
				);
				GCC_WARN_64_TO_32_BIT_CONVERSION = YES;
				GCC_WARN_ABOUT_RETURN_TYPE = YES_ERROR;
				GCC_WARN_UNDECLARED_SELECTOR = YES;
				GCC_WARN_UNINITIALIZED_AUTOS = YES_AGGRESSIVE;
				GCC_WARN_UNUSED_FUNCTION = YES;
				GCC_WARN_UNUSED_VARIABLE = YES;
				IPHONEOS_DEPLOYMENT_TARGET = 11.0;
				MTL_ENABLE_DEBUG_INFO = INCLUDE_SOURCE;
				MTL_FAST_MATH = YES;
				ONLY_ACTIVE_ARCH = YES;
				SDKROOT = iphoneos;
				SWIFT_ACTIVE_COMPILATION_CONDITIONS = DEBUG;
				SWIFT_OPTIMIZATION_LEVEL = "-Onone";
			};
			name = Debug;
		};
		12CC7C542448829100ECE62A /* Release */ = {
			isa = XCBuildConfiguration;
			buildSettings = {
				ALWAYS_SEARCH_USER_PATHS = NO;
				CLANG_ANALYZER_NONNULL = YES;
				CLANG_ANALYZER_NUMBER_OBJECT_CONVERSION = YES_AGGRESSIVE;
				CLANG_CXX_LANGUAGE_STANDARD = "gnu++14";
				CLANG_CXX_LIBRARY = "libc++";
				CLANG_ENABLE_MODULES = YES;
				CLANG_ENABLE_OBJC_ARC = YES;
				CLANG_ENABLE_OBJC_WEAK = YES;
				CLANG_WARN_BLOCK_CAPTURE_AUTORELEASING = YES;
				CLANG_WARN_BOOL_CONVERSION = YES;
				CLANG_WARN_COMMA = YES;
				CLANG_WARN_CONSTANT_CONVERSION = YES;
				CLANG_WARN_DEPRECATED_OBJC_IMPLEMENTATIONS = YES;
				CLANG_WARN_DIRECT_OBJC_ISA_USAGE = YES_ERROR;
				CLANG_WARN_DOCUMENTATION_COMMENTS = YES;
				CLANG_WARN_EMPTY_BODY = YES;
				CLANG_WARN_ENUM_CONVERSION = YES;
				CLANG_WARN_INFINITE_RECURSION = YES;
				CLANG_WARN_INT_CONVERSION = YES;
				CLANG_WARN_NON_LITERAL_NULL_CONVERSION = YES;
				CLANG_WARN_OBJC_IMPLICIT_RETAIN_SELF = YES;
				CLANG_WARN_OBJC_LITERAL_CONVERSION = YES;
				CLANG_WARN_OBJC_ROOT_CLASS = YES_ERROR;
				CLANG_WARN_RANGE_LOOP_ANALYSIS = YES;
				CLANG_WARN_STRICT_PROTOTYPES = YES;
				CLANG_WARN_SUSPICIOUS_MOVE = YES;
				CLANG_WARN_UNGUARDED_AVAILABILITY = YES_AGGRESSIVE;
				CLANG_WARN_UNREACHABLE_CODE = YES;
				CLANG_WARN__DUPLICATE_METHOD_MATCH = YES;
				COPY_PHASE_STRIP = NO;
				DEBUG_INFORMATION_FORMAT = "dwarf-with-dsym";
				ENABLE_NS_ASSERTIONS = NO;
				ENABLE_STRICT_OBJC_MSGSEND = YES;
				GCC_C_LANGUAGE_STANDARD = gnu11;
				GCC_NO_COMMON_BLOCKS = YES;
				GCC_WARN_64_TO_32_BIT_CONVERSION = YES;
				GCC_WARN_ABOUT_RETURN_TYPE = YES_ERROR;
				GCC_WARN_UNDECLARED_SELECTOR = YES;
				GCC_WARN_UNINITIALIZED_AUTOS = YES_AGGRESSIVE;
				GCC_WARN_UNUSED_FUNCTION = YES;
				GCC_WARN_UNUSED_VARIABLE = YES;
				IPHONEOS_DEPLOYMENT_TARGET = 11.0;
				MTL_ENABLE_DEBUG_INFO = NO;
				MTL_FAST_MATH = YES;
				SDKROOT = iphoneos;
				SWIFT_COMPILATION_MODE = wholemodule;
				SWIFT_OPTIMIZATION_LEVEL = "-O";
				VALIDATE_PRODUCT = YES;
			};
			name = Release;
		};
		12CC7C562448829100ECE62A /* Debug */ = {
			isa = XCBuildConfiguration;
			baseConfigurationReference = 5AA20A09AD72E3944A378D46 /* Pods-time-board.debug.xcconfig */;
			buildSettings = {
				ASSETCATALOG_COMPILER_APPICON_NAME = AppIcon;
				CODE_SIGN_STYLE = Automatic;
				CURRENT_PROJECT_VERSION = 1.0.1;
				DEVELOPMENT_TEAM = GY259TWT8G;
				INFOPLIST_FILE = "time-board/Info.plist";
				IPHONEOS_DEPLOYMENT_TARGET = 11.0;
				LD_RUNPATH_SEARCH_PATHS = (
					"$(inherited)",
					"@executable_path/Frameworks",
				);
				MARKETING_VERSION = 1;
				PRODUCT_BUNDLE_IDENTIFIER = "Tianid.time-board";
				PRODUCT_NAME = TimeBoard;
				SWIFT_VERSION = 5.0;
				TARGETED_DEVICE_FAMILY = 1;
			};
			name = Debug;
		};
		12CC7C572448829100ECE62A /* Release */ = {
			isa = XCBuildConfiguration;
			baseConfigurationReference = E53A4581D0308429A0945C6C /* Pods-time-board.release.xcconfig */;
			buildSettings = {
				ASSETCATALOG_COMPILER_APPICON_NAME = AppIcon;
				CODE_SIGN_STYLE = Automatic;
				CURRENT_PROJECT_VERSION = 1.0.1;
				DEVELOPMENT_TEAM = GY259TWT8G;
				INFOPLIST_FILE = "time-board/Info.plist";
				IPHONEOS_DEPLOYMENT_TARGET = 11.0;
				LD_RUNPATH_SEARCH_PATHS = (
					"$(inherited)",
					"@executable_path/Frameworks",
				);
				MARKETING_VERSION = 1;
				PRODUCT_BUNDLE_IDENTIFIER = "Tianid.time-board";
				PRODUCT_NAME = TimeBoard;
				SWIFT_VERSION = 5.0;
				TARGETED_DEVICE_FAMILY = 1;
			};
			name = Release;
		};
/* End XCBuildConfiguration section */

/* Begin XCConfigurationList section */
		12CC7C3C2448828F00ECE62A /* Build configuration list for PBXProject "time-board" */ = {
			isa = XCConfigurationList;
			buildConfigurations = (
				12CC7C532448829100ECE62A /* Debug */,
				12CC7C542448829100ECE62A /* Release */,
			);
			defaultConfigurationIsVisible = 0;
			defaultConfigurationName = Release;
		};
		12CC7C552448829100ECE62A /* Build configuration list for PBXNativeTarget "time-board" */ = {
			isa = XCConfigurationList;
			buildConfigurations = (
				12CC7C562448829100ECE62A /* Debug */,
				12CC7C572448829100ECE62A /* Release */,
			);
			defaultConfigurationIsVisible = 0;
			defaultConfigurationName = Release;
		};
/* End XCConfigurationList section */
	};
	rootObject = 12CC7C392448828F00ECE62A /* Project object */;
}
