PODS:
  - CocoaLumberjack/Core (3.6.1)
  - CocoaLumberjack/Swift (3.6.1):
    - CocoaLumberjack/Core

DEPENDENCIES:
  - CocoaLumberjack/Swift

SPEC REPOS:
  https://github.com/cocoapods/specs.git:
    - CocoaLumberjack

SPEC CHECKSUMS:
  CocoaLumberjack: b17ae15142558d08bbacf69775fa10c4abbebcc9

PODFILE CHECKSUM: 19df3f3204b78b838301e8744a6f17ad2b20b598

COCOAPODS: 1.7.5
